{
  "version": 4,
  "terraform_version": "1.1.7",
  "serial": 836,
  "lineage": "e0ed1fa3-c94a-4e98-b767-f297ab9ab1fe",
  "outputs": {
    "nzb_backend_api_url": {
      "value": "https://59erydl5c5.execute-api.eu-west-3.amazonaws.com/prod",
      "type": "string"
    },
    "nzb_frontend_cloudfront_domain_name": {
      "value": "dhgcx85b9ig50.cloudfront.net",
      "type": "string"
    }
  },
  "resources": [
    {
      "mode": "data",
      "type": "archive_file",
      "name": "nzb_backend_archive",
      "provider": "provider[\"registry.terraform.io/hashicorp/archive\"]",
      "instances": [
        {
          "schema_version": 0,
          "attributes": {
            "excludes": null,
            "id": "d9b19e035d809903e88f8ae05cb698ca9bef84ce",
            "output_base64sha256": "qdWnWpToK5wYvBeY/g4EnAgDK6voxrbvyTK6CLCrql8=",
            "output_file_mode": null,
            "output_md5": "4a4e825f4890f6ad7f33103eed0f8e11",
            "output_path": "./archives/nzb_backend.zip",
            "output_sha": "d9b19e035d809903e88f8ae05cb698ca9bef84ce",
            "output_size": 5373001,
            "source": [],
            "source_content": null,
            "source_content_filename": null,
            "source_dir": "../nzb_backend/dist",
            "source_file": null,
            "type": "zip"
          },
          "sensitive_attributes": []
        }
      ]
    },
    {
      "mode": "data",
      "type": "archive_file",
      "name": "nzb_backfill_archive",
      "provider": "provider[\"registry.terraform.io/hashicorp/archive\"]",
      "instances": [
        {
          "schema_version": 0,
          "attributes": {
            "excludes": null,
            "id": "4ee36607fd7bf5fb8a71192d425c9b64eb959ce5",
            "output_base64sha256": "fhWutY4t5SNGVnkcl3FzFNatmQMmEI9z8pJYHc2ctyo=",
            "output_file_mode": null,
            "output_md5": "b3117a21bee725f1cdc38f812b44cbab",
            "output_path": "./archives/nzb_backfill.zip",
            "output_sha": "4ee36607fd7bf5fb8a71192d425c9b64eb959ce5",
            "output_size": 4103771,
            "source": [],
            "source_content": null,
            "source_content_filename": null,
            "source_dir": "../nzb_backfill/dist",
            "source_file": null,
            "type": "zip"
          },
          "sensitive_attributes": []
        }
      ]
    },
    {
      "mode": "data",
      "type": "archive_file",
      "name": "nzb_checker_archive",
      "provider": "provider[\"registry.terraform.io/hashicorp/archive\"]",
      "instances": [
        {
          "schema_version": 0,
          "attributes": {
            "excludes": null,
            "id": "d29835016a8bbe53f20707328dc20c34db6cc699",
            "output_base64sha256": "n7/j2ID60FuXnKtoMaLmETKsMF+nnpjBYowvr+6IyNk=",
            "output_file_mode": null,
            "output_md5": "27ff4abe63869c29eeb10088aa4d46ad",
            "output_path": "./archives/nzb_checker.zip",
            "output_sha": "d29835016a8bbe53f20707328dc20c34db6cc699",
            "output_size": 4102396,
            "source": [],
            "source_content": null,
            "source_content_filename": null,
            "source_dir": "../nzb_checker/dist",
            "source_file": null,
            "type": "zip"
          },
          "sensitive_attributes": []
        }
      ]
    },
    {
      "mode": "data",
      "type": "archive_file",
      "name": "nzb_daemon_archive",
      "provider": "provider[\"registry.terraform.io/hashicorp/archive\"]",
      "instances": [
        {
          "schema_version": 0,
          "attributes": {
            "excludes": null,
            "id": "09de4a88fd58cb3aaeb4705f6f74e6fd21559906",
            "output_base64sha256": "yzhcYTxgOhKdbT2tZh7lFLa7vxY5WsjfSp9L1LTClE4=",
            "output_file_mode": null,
            "output_md5": "727d2c7a1f932384456d092442308ae4",
            "output_path": "./archives/nzb_daemon.zip",
            "output_sha": "09de4a88fd58cb3aaeb4705f6f74e6fd21559906",
            "output_size": 1254447,
            "source": [],
            "source_content": null,
            "source_content_filename": null,
            "source_dir": "../nzb_daemon/dist",
            "source_file": null,
            "type": "zip"
          },
          "sensitive_attributes": []
        }
      ]
    },
    {
      "mode": "data",
      "type": "archive_file",
      "name": "nzb_health_archive",
      "provider": "provider[\"registry.terraform.io/hashicorp/archive\"]",
      "instances": [
        {
          "schema_version": 0,
          "attributes": {
            "excludes": null,
            "id": "7aead5b8b6a994ccd03970fe5faac7a9e60b9f7e",
            "output_base64sha256": "gNe5d5+9CqbTwourAXt+aZ5YoLhxoHEkZSq0chKEgsY=",
            "output_file_mode": null,
            "output_md5": "ac5a895cad45ac0f74a8f914a185d0b1",
            "output_path": "./archives/nzb_health.zip",
            "output_sha": "7aead5b8b6a994ccd03970fe5faac7a9e60b9f7e",
            "output_size": 4198691,
            "source": [],
            "source_content": null,
            "source_content_filename": null,
            "source_dir": "../nzb_health/dist",
            "source_file": null,
            "type": "zip"
          },
          "sensitive_attributes": []
        }
      ]
    },
    {
      "mode": "data",
      "type": "archive_file",
      "name": "nzb_registry_archive",
      "provider": "provider[\"registry.terraform.io/hashicorp/archive\"]",
      "instances": [
        {
          "schema_version": 0,
          "attributes": {
            "excludes": null,
            "id": "35c5dd3691ac0424e0f384beb781449500ae8098",
            "output_base64sha256": "dWQsfSWszAjv04xA9PmL4JleFSEcYM1TtD6CqcoZC+A=",
            "output_file_mode": null,
            "output_md5": "55e7c747ed26d4a80500152b9df564eb",
            "output_path": "./archives/nzb_registry.zip",
            "output_sha": "35c5dd3691ac0424e0f384beb781449500ae8098",
            "output_size": 4087849,
            "source": [],
            "source_content": null,
            "source_content_filename": null,
            "source_dir": "../nzb_registry/dist",
            "source_file": null,
            "type": "zip"
          },
          "sensitive_attributes": []
        }
      ]
    },
    {
      "mode": "data",
      "type": "aws_iam_policy_document",
      "name": "cloudfront_access_to_code",
      "provider": "provider[\"registry.terraform.io/hashicorp/aws\"]",
      "instances": [
        {
          "schema_version": 0,
          "attributes": {
            "id": "2337033843",
            "json": "{\n  \"Version\": \"2012-10-17\",\n  \"Statement\": [\n    {\n      \"Sid\": \"\",\n      \"Effect\": \"Allow\",\n      \"Action\": \"s3:GetObject\",\n      \"Resource\": \"arn:aws:s3:::nzb-20220504142343527200000001/nzb_frontend/*\",\n      \"Principal\": {\n        \"AWS\": \"arn:aws:iam::cloudfront:user/CloudFront Origin Access Identity ETC8P40Z7NRPS\"\n      }\n    }\n  ]\n}",
            "override_json": null,
            "override_policy_documents": null,
            "policy_id": null,
            "source_json": null,
            "source_policy_documents": null,
            "statement": [
              {
                "actions": [
                  "s3:GetObject"
                ],
                "condition": [],
                "effect": "Allow",
                "not_actions": [],
                "not_principals": [],
                "not_resources": [],
                "principals": [
                  {
                    "identifiers": [
                      "arn:aws:iam::cloudfront:user/CloudFront Origin Access Identity ETC8P40Z7NRPS"
                    ],
                    "type": "AWS"
                  }
                ],
                "resources": [
                  "arn:aws:s3:::nzb-20220504142343527200000001/nzb_frontend/*"
                ],
                "sid": ""
              }
            ],
            "version": "2012-10-17"
          },
          "sensitive_attributes": []
        }
      ]
    },
    {
      "mode": "data",
      "type": "aws_iam_policy_document",
      "name": "lambda_nzb_backend_extra_role",
      "provider": "provider[\"registry.terraform.io/hashicorp/aws\"]",
      "instances": [
        {
          "schema_version": 0,
          "attributes": {
            "id": "160760758",
            "json": "{\n  \"Version\": \"2012-10-17\",\n  \"Statement\": [\n    {\n      \"Sid\": \"\",\n      \"Effect\": \"Allow\",\n      \"Action\": \"dynamodb:*\",\n      \"Resource\": [\n        \"arn:aws:dynamodb:eu-west-3:*:table/NzbRegistry/index/*\",\n        \"arn:aws:dynamodb:eu-west-3:*:table/NzbRegistry\",\n        \"arn:aws:dynamodb:eu-west-3:*:table/ImdbInfo/index/*\",\n        \"arn:aws:dynamodb:eu-west-3:*:table/ImdbInfo\"\n      ]\n    }\n  ]\n}",
            "override_json": null,
            "override_policy_documents": null,
            "policy_id": null,
            "source_json": null,
            "source_policy_documents": null,
            "statement": [
              {
                "actions": [
                  "dynamodb:*"
                ],
                "condition": [],
                "effect": "Allow",
                "not_actions": [],
                "not_principals": [],
                "not_resources": [],
                "principals": [],
                "resources": [
                  "arn:aws:dynamodb:eu-west-3:*:table/ImdbInfo",
                  "arn:aws:dynamodb:eu-west-3:*:table/ImdbInfo/index/*",
                  "arn:aws:dynamodb:eu-west-3:*:table/NzbRegistry",
                  "arn:aws:dynamodb:eu-west-3:*:table/NzbRegistry/index/*"
                ],
                "sid": ""
              }
            ],
            "version": "2012-10-17"
          },
          "sensitive_attributes": []
        }
      ]
    },
    {
      "mode": "data",
      "type": "aws_iam_policy_document",
      "name": "lambda_nzb_backfill_extra_role",
      "provider": "provider[\"registry.terraform.io/hashicorp/aws\"]",
      "instances": [
        {
          "schema_version": 0,
          "attributes": {
            "id": "3058866621",
            "json": "{\n  \"Version\": \"2012-10-17\",\n  \"Statement\": [\n    {\n      \"Sid\": \"\",\n      \"Effect\": \"Allow\",\n      \"Action\": \"dynamodb:*\",\n      \"Resource\": [\n        \"arn:aws:dynamodb:eu-west-3:*:table/NzbRegistry/index/*\",\n        \"arn:aws:dynamodb:eu-west-3:*:table/NzbRegistry\",\n        \"arn:aws:dynamodb:eu-west-3:*:table/NzbParameters\",\n        \"arn:aws:dynamodb:eu-west-3:*:table/ImdbInfo\"\n      ]\n    },\n    {\n      \"Sid\": \"\",\n      \"Effect\": \"Allow\",\n      \"Action\": \"sqs:*\",\n      \"Resource\": \"arn:aws:sqs:eu-west-3:*:NzbToCheck\"\n    }\n  ]\n}",
            "override_json": null,
            "override_policy_documents": null,
            "policy_id": null,
            "source_json": null,
            "source_policy_documents": null,
            "statement": [
              {
                "actions": [
                  "dynamodb:*"
                ],
                "condition": [],
                "effect": "Allow",
                "not_actions": [],
                "not_principals": [],
                "not_resources": [],
                "principals": [],
                "resources": [
                  "arn:aws:dynamodb:eu-west-3:*:table/ImdbInfo",
                  "arn:aws:dynamodb:eu-west-3:*:table/NzbParameters",
                  "arn:aws:dynamodb:eu-west-3:*:table/NzbRegistry",
                  "arn:aws:dynamodb:eu-west-3:*:table/NzbRegistry/index/*"
                ],
                "sid": ""
              },
              {
                "actions": [
                  "sqs:*"
                ],
                "condition": [],
                "effect": "Allow",
                "not_actions": [],
                "not_principals": [],
                "not_resources": [],
                "principals": [],
                "resources": [
                  "arn:aws:sqs:eu-west-3:*:NzbToCheck"
                ],
                "sid": ""
              }
            ],
            "version": "2012-10-17"
          },
          "sensitive_attributes": []
        }
      ]
    },
    {
      "mode": "data",
      "type": "aws_iam_policy_document",
      "name": "lambda_nzb_checker_extra_role",
      "provider": "provider[\"registry.terraform.io/hashicorp/aws\"]",
      "instances": [
        {
          "schema_version": 0,
          "attributes": {
            "id": "1193560187",
            "json": "{\n  \"Version\": \"2012-10-17\",\n  \"Statement\": [\n    {\n      \"Sid\": \"\",\n      \"Effect\": \"Allow\",\n      \"Action\": \"dynamodb:*\",\n      \"Resource\": [\n        \"arn:aws:dynamodb:eu-west-3:*:table/NzbRegistry/index/*\",\n        \"arn:aws:dynamodb:eu-west-3:*:table/NzbRegistry\",\n        \"arn:aws:dynamodb:eu-west-3:*:table/ImdbInfo\"\n      ]\n    },\n    {\n      \"Sid\": \"\",\n      \"Effect\": \"Allow\",\n      \"Action\": \"sqs:*\",\n      \"Resource\": \"arn:aws:sqs:eu-west-3:*:NzbToCheck\"\n    }\n  ]\n}",
            "override_json": null,
            "override_policy_documents": null,
            "policy_id": null,
            "source_json": null,
            "source_policy_documents": null,
            "statement": [
              {
                "actions": [
                  "dynamodb:*"
                ],
                "condition": [],
                "effect": "Allow",
                "not_actions": [],
                "not_principals": [],
                "not_resources": [],
                "principals": [],
                "resources": [
                  "arn:aws:dynamodb:eu-west-3:*:table/ImdbInfo",
                  "arn:aws:dynamodb:eu-west-3:*:table/NzbRegistry",
                  "arn:aws:dynamodb:eu-west-3:*:table/NzbRegistry/index/*"
                ],
                "sid": ""
              },
              {
                "actions": [
                  "sqs:*"
                ],
                "condition": [],
                "effect": "Allow",
                "not_actions": [],
                "not_principals": [],
                "not_resources": [],
                "principals": [],
                "resources": [
                  "arn:aws:sqs:eu-west-3:*:NzbToCheck"
                ],
                "sid": ""
              }
            ],
            "version": "2012-10-17"
          },
          "sensitive_attributes": []
        }
      ]
    },
    {
      "mode": "data",
      "type": "aws_iam_policy_document",
      "name": "lambda_nzb_health_extra_role",
      "provider": "provider[\"registry.terraform.io/hashicorp/aws\"]",
      "instances": [
        {
          "schema_version": 0,
          "attributes": {
            "id": "1193560187",
            "json": "{\n  \"Version\": \"2012-10-17\",\n  \"Statement\": [\n    {\n      \"Sid\": \"\",\n      \"Effect\": \"Allow\",\n      \"Action\": \"dynamodb:*\",\n      \"Resource\": [\n        \"arn:aws:dynamodb:eu-west-3:*:table/NzbRegistry/index/*\",\n        \"arn:aws:dynamodb:eu-west-3:*:table/NzbRegistry\",\n        \"arn:aws:dynamodb:eu-west-3:*:table/ImdbInfo\"\n      ]\n    },\n    {\n      \"Sid\": \"\",\n      \"Effect\": \"Allow\",\n      \"Action\": \"sqs:*\",\n      \"Resource\": \"arn:aws:sqs:eu-west-3:*:NzbToCheck\"\n    }\n  ]\n}",
            "override_json": null,
            "override_policy_documents": null,
            "policy_id": null,
            "source_json": null,
            "source_policy_documents": null,
            "statement": [
              {
                "actions": [
                  "dynamodb:*"
                ],
                "condition": [],
                "effect": "Allow",
                "not_actions": [],
                "not_principals": [],
                "not_resources": [],
                "principals": [],
                "resources": [
                  "arn:aws:dynamodb:eu-west-3:*:table/ImdbInfo",
                  "arn:aws:dynamodb:eu-west-3:*:table/NzbRegistry",
                  "arn:aws:dynamodb:eu-west-3:*:table/NzbRegistry/index/*"
                ],
                "sid": ""
              },
              {
                "actions": [
                  "sqs:*"
                ],
                "condition": [],
                "effect": "Allow",
                "not_actions": [],
                "not_principals": [],
                "not_resources": [],
                "principals": [],
                "resources": [
                  "arn:aws:sqs:eu-west-3:*:NzbToCheck"
                ],
                "sid": ""
              }
            ],
            "version": "2012-10-17"
          },
          "sensitive_attributes": []
        }
      ]
    },
    {
      "mode": "data",
      "type": "aws_iam_policy_document",
      "name": "lambda_nzb_registry_extra_role",
      "provider": "provider[\"registry.terraform.io/hashicorp/aws\"]",
      "instances": [
        {
          "schema_version": 0,
          "attributes": {
            "id": "1320146371",
            "json": "{\n  \"Version\": \"2012-10-17\",\n  \"Statement\": [\n    {\n      \"Sid\": \"\",\n      \"Effect\": \"Allow\",\n      \"Action\": \"dynamodb:*\",\n      \"Resource\": [\n        \"arn:aws:dynamodb:eu-west-3:*:table/NzbRegistry/index/*\",\n        \"arn:aws:dynamodb:eu-west-3:*:table/NzbRegistry\"\n      ]\n    },\n    {\n      \"Sid\": \"\",\n      \"Effect\": \"Allow\",\n      \"Action\": \"sqs:*\",\n      \"Resource\": \"arn:aws:sqs:eu-west-3:*:NzbToCheck\"\n    }\n  ]\n}",
            "override_json": null,
            "override_policy_documents": null,
            "policy_id": null,
            "source_json": null,
            "source_policy_documents": null,
            "statement": [
              {
                "actions": [
                  "dynamodb:*"
                ],
                "condition": [],
                "effect": "Allow",
                "not_actions": [],
                "not_principals": [],
                "not_resources": [],
                "principals": [],
                "resources": [
                  "arn:aws:dynamodb:eu-west-3:*:table/NzbRegistry",
                  "arn:aws:dynamodb:eu-west-3:*:table/NzbRegistry/index/*"
                ],
                "sid": ""
              },
              {
                "actions": [
                  "sqs:*"
                ],
                "condition": [],
                "effect": "Allow",
                "not_actions": [],
                "not_principals": [],
                "not_resources": [],
                "principals": [],
                "resources": [
                  "arn:aws:sqs:eu-west-3:*:NzbToCheck"
                ],
                "sid": ""
              }
            ],
            "version": "2012-10-17"
          },
          "sensitive_attributes": []
        }
      ]
    },
    {
      "mode": "managed",
      "type": "aws_api_gateway_deployment",
      "name": "nzb_backend",
      "provider": "provider[\"registry.terraform.io/hashicorp/aws\"]",
      "instances": [
        {
          "schema_version": 0,
          "attributes": {
            "created_date": "2022-06-30T08:31:22Z",
            "description": "",
            "execution_arn": "arn:aws:execute-api:eu-west-3:534493106272:59erydl5c5/prod",
            "id": "9ag1kc",
            "invoke_url": "https://59erydl5c5.execute-api.eu-west-3.amazonaws.com/prod",
            "rest_api_id": "59erydl5c5",
            "stage_description": null,
            "stage_name": "prod",
            "triggers": {
              "redeployment": "ac67cbb286d29809dafdbda2e7daf176d4017ed0"
            },
            "variables": null
          },
          "sensitive_attributes": [],
          "private": "bnVsbA==",
          "dependencies": [
            "aws_api_gateway_integration.nzb_backend",
            "aws_api_gateway_integration.nzb_backend_root",
            "aws_api_gateway_method.nzb_backend",
            "aws_api_gateway_method.nzb_backend_root",
            "aws_api_gateway_resource.nzb_backend",
            "aws_api_gateway_rest_api.nzb_backend",
            "aws_iam_role.lambda_nzb_backend_exec",
            "aws_lambda_function.nzb_backend",
            "aws_s3_bucket.code",
            "aws_s3_bucket_object.nzb_backend_archive",
            "data.archive_file.nzb_backend_archive",
            "data.aws_iam_policy_document.lambda_nzb_backend_extra_role"
          ],
          "create_before_destroy": true
        }
      ]
    },
    {
      "mode": "managed",
      "type": "aws_api_gateway_integration",
      "name": "nzb_backend",
      "provider": "provider[\"registry.terraform.io/hashicorp/aws\"]",
      "instances": [
        {
          "schema_version": 0,
          "attributes": {
            "cache_key_parameters": [],
            "cache_namespace": "e8ksjh",
            "connection_id": "",
            "connection_type": "INTERNET",
            "content_handling": "",
            "credentials": "",
            "http_method": "ANY",
            "id": "agi-59erydl5c5-e8ksjh-ANY",
            "integration_http_method": "POST",
            "passthrough_behavior": "WHEN_NO_MATCH",
            "request_parameters": {},
            "request_templates": {},
            "resource_id": "e8ksjh",
            "rest_api_id": "59erydl5c5",
            "timeout_milliseconds": 29000,
            "tls_config": [],
            "type": "AWS_PROXY",
            "uri": "arn:aws:apigateway:eu-west-3:lambda:path/2015-03-31/functions/arn:aws:lambda:eu-west-3:534493106272:function:nzb_backend-API/invocations"
          },
          "sensitive_attributes": [],
          "private": "bnVsbA==",
          "dependencies": [
            "aws_api_gateway_method.nzb_backend",
            "aws_api_gateway_resource.nzb_backend",
            "aws_api_gateway_rest_api.nzb_backend",
            "aws_iam_role.lambda_nzb_backend_exec",
            "aws_lambda_function.nzb_backend",
            "aws_s3_bucket.code",
            "aws_s3_bucket_object.nzb_backend_archive",
            "data.archive_file.nzb_backend_archive",
            "data.aws_iam_policy_document.lambda_nzb_backend_extra_role"
          ],
          "create_before_destroy": true
        }
      ]
    },
    {
      "mode": "managed",
      "type": "aws_api_gateway_integration",
      "name": "nzb_backend_root",
      "provider": "provider[\"registry.terraform.io/hashicorp/aws\"]",
      "instances": [
        {
          "schema_version": 0,
          "attributes": {
            "cache_key_parameters": [],
            "cache_namespace": "bd1n6dqdeg",
            "connection_id": "",
            "connection_type": "INTERNET",
            "content_handling": "",
            "credentials": "",
            "http_method": "ANY",
            "id": "agi-59erydl5c5-bd1n6dqdeg-ANY",
            "integration_http_method": "POST",
            "passthrough_behavior": "WHEN_NO_MATCH",
            "request_parameters": {},
            "request_templates": {},
            "resource_id": "bd1n6dqdeg",
            "rest_api_id": "59erydl5c5",
            "timeout_milliseconds": 29000,
            "tls_config": [],
            "type": "AWS_PROXY",
            "uri": "arn:aws:apigateway:eu-west-3:lambda:path/2015-03-31/functions/arn:aws:lambda:eu-west-3:534493106272:function:nzb_backend-API/invocations"
          },
          "sensitive_attributes": [],
          "private": "bnVsbA==",
          "dependencies": [
            "aws_api_gateway_method.nzb_backend_root",
            "aws_api_gateway_rest_api.nzb_backend",
            "aws_iam_role.lambda_nzb_backend_exec",
            "aws_lambda_function.nzb_backend",
            "aws_s3_bucket.code",
            "aws_s3_bucket_object.nzb_backend_archive",
            "data.archive_file.nzb_backend_archive",
            "data.aws_iam_policy_document.lambda_nzb_backend_extra_role"
          ],
          "create_before_destroy": true
        }
      ]
    },
    {
      "mode": "managed",
      "type": "aws_api_gateway_method",
      "name": "nzb_backend",
      "provider": "provider[\"registry.terraform.io/hashicorp/aws\"]",
      "instances": [
        {
          "schema_version": 0,
          "attributes": {
            "api_key_required": false,
            "authorization": "NONE",
            "authorization_scopes": [],
            "authorizer_id": "",
            "http_method": "ANY",
            "id": "agm-59erydl5c5-e8ksjh-ANY",
            "operation_name": "",
            "request_models": {},
            "request_parameters": {},
            "request_validator_id": "",
            "resource_id": "e8ksjh",
            "rest_api_id": "59erydl5c5"
          },
          "sensitive_attributes": [],
          "private": "bnVsbA==",
          "dependencies": [
            "aws_api_gateway_resource.nzb_backend",
            "aws_api_gateway_rest_api.nzb_backend"
          ],
          "create_before_destroy": true
        }
      ]
    },
    {
      "mode": "managed",
      "type": "aws_api_gateway_method",
      "name": "nzb_backend_root",
      "provider": "provider[\"registry.terraform.io/hashicorp/aws\"]",
      "instances": [
        {
          "schema_version": 0,
          "attributes": {
            "api_key_required": false,
            "authorization": "NONE",
            "authorization_scopes": [],
            "authorizer_id": "",
            "http_method": "ANY",
            "id": "agm-59erydl5c5-bd1n6dqdeg-ANY",
            "operation_name": "",
            "request_models": {},
            "request_parameters": {},
            "request_validator_id": "",
            "resource_id": "bd1n6dqdeg",
            "rest_api_id": "59erydl5c5"
          },
          "sensitive_attributes": [],
          "private": "bnVsbA==",
          "dependencies": [
            "aws_api_gateway_rest_api.nzb_backend"
          ],
          "create_before_destroy": true
        }
      ]
    },
    {
      "mode": "managed",
      "type": "aws_api_gateway_resource",
      "name": "nzb_backend",
      "provider": "provider[\"registry.terraform.io/hashicorp/aws\"]",
      "instances": [
        {
          "schema_version": 0,
          "attributes": {
            "id": "e8ksjh",
            "parent_id": "bd1n6dqdeg",
            "path": "/{proxy+}",
            "path_part": "{proxy+}",
            "rest_api_id": "59erydl5c5"
          },
          "sensitive_attributes": [],
          "private": "bnVsbA==",
          "dependencies": [
            "aws_api_gateway_rest_api.nzb_backend"
          ],
          "create_before_destroy": true
        }
      ]
    },
    {
      "mode": "managed",
      "type": "aws_api_gateway_rest_api",
      "name": "nzb_backend",
      "provider": "provider[\"registry.terraform.io/hashicorp/aws\"]",
      "instances": [
        {
          "schema_version": 0,
          "attributes": {
            "api_key_source": "HEADER",
            "arn": "arn:aws:apigateway:eu-west-3::/restapis/59erydl5c5",
            "binary_media_types": [],
            "body": null,
            "created_date": "2022-06-30T08:30:08Z",
            "description": "Rest API for the \"nzb_backend\" app",
            "disable_execute_api_endpoint": false,
            "endpoint_configuration": [
              {
                "types": [
                  "EDGE"
                ],
                "vpc_endpoint_ids": []
              }
            ],
            "execution_arn": "arn:aws:execute-api:eu-west-3:534493106272:59erydl5c5",
            "id": "59erydl5c5",
            "minimum_compression_size": -1,
            "name": "nzb_backend-RestAPI",
            "parameters": null,
            "policy": "",
            "root_resource_id": "bd1n6dqdeg",
            "tags": {},
            "tags_all": {
              "Project": "nzb"
            }
          },
          "sensitive_attributes": [],
          "private": "bnVsbA==",
          "create_before_destroy": true
        }
      ]
    },
    {
      "mode": "managed",
      "type": "aws_cloudfront_distribution",
      "name": "nzb_frontend",
      "provider": "provider[\"registry.terraform.io/hashicorp/aws\"]",
      "instances": [
        {
          "schema_version": 1,
          "attributes": {
            "aliases": [],
            "arn": "arn:aws:cloudfront::534493106272:distribution/E739TK7UD7SW6",
            "caller_reference": "terraform-20220630083013454700000002",
            "comment": null,
            "custom_error_response": [
              {
                "error_caching_min_ttl": 0,
                "error_code": 400,
                "response_code": 200,
                "response_page_path": "/index.html"
              },
              {
                "error_caching_min_ttl": 0,
                "error_code": 403,
                "response_code": 200,
                "response_page_path": "/index.html"
              },
              {
                "error_caching_min_ttl": 0,
                "error_code": 404,
                "response_code": 200,
                "response_page_path": "/index.html"
              }
            ],
            "default_cache_behavior": [
              {
                "allowed_methods": [
                  "GET",
                  "HEAD"
                ],
                "cache_policy_id": "",
                "cached_methods": [
                  "GET",
                  "HEAD"
                ],
                "compress": true,
                "default_ttl": 0,
                "field_level_encryption_id": "",
                "forwarded_values": [
                  {
                    "cookies": [
                      {
                        "forward": "none",
                        "whitelisted_names": []
                      }
                    ],
                    "headers": [],
                    "query_string": false,
                    "query_string_cache_keys": []
                  }
                ],
                "function_association": [],
                "lambda_function_association": [],
                "max_ttl": 0,
                "min_ttl": 0,
                "origin_request_policy_id": "",
                "realtime_log_config_arn": "",
                "response_headers_policy_id": "",
                "smooth_streaming": false,
                "target_origin_id": "nzb-frontend-origin-id",
                "trusted_key_groups": [],
                "trusted_signers": [],
                "viewer_protocol_policy": "redirect-to-https"
              }
            ],
            "default_root_object": "/index.html",
            "domain_name": "dhgcx85b9ig50.cloudfront.net",
            "enabled": true,
            "etag": "EZNQ3Y6M3B30G",
            "hosted_zone_id": "Z2FDTNDATAQYW2",
            "http_version": "http2",
            "id": "E739TK7UD7SW6",
            "in_progress_validation_batches": 0,
            "is_ipv6_enabled": true,
            "last_modified_time": "2022-06-30 08:30:13.956 +0000 UTC",
            "logging_config": [],
            "ordered_cache_behavior": [],
            "origin": [
              {
                "connection_attempts": 3,
                "connection_timeout": 10,
                "custom_header": [],
                "custom_origin_config": [],
                "domain_name": "nzb-20220504142343527200000001.s3.eu-west-3.amazonaws.com",
                "origin_id": "nzb-frontend-origin-id",
                "origin_path": "/nzb_frontend",
                "origin_shield": [],
                "s3_origin_config": [
                  {
                    "origin_access_identity": "origin-access-identity/cloudfront/ETC8P40Z7NRPS"
                  }
                ]
              }
            ],
            "origin_group": [],
            "price_class": "PriceClass_100",
            "restrictions": [
              {
                "geo_restriction": [
                  {
                    "locations": [],
                    "restriction_type": "none"
                  }
                ]
              }
            ],
            "retain_on_delete": false,
            "status": "Deployed",
            "tags": {},
            "tags_all": {
              "Project": "nzb"
            },
            "trusted_key_groups": [
              {
                "enabled": false,
                "items": []
              }
            ],
            "trusted_signers": [
              {
                "enabled": false,
                "items": []
              }
            ],
            "viewer_certificate": [
              {
                "acm_certificate_arn": "",
                "cloudfront_default_certificate": true,
                "iam_certificate_id": "",
                "minimum_protocol_version": "TLSv1",
                "ssl_support_method": ""
              }
            ],
            "wait_for_deployment": false,
            "web_acl_id": ""
          },
          "sensitive_attributes": [],
          "private": "eyJzY2hlbWFfdmVyc2lvbiI6IjEifQ==",
          "dependencies": [
            "aws_cloudfront_origin_access_identity.nzb_frontend",
            "aws_s3_bucket.code"
          ]
        }
      ]
    },
    {
      "mode": "managed",
      "type": "aws_cloudfront_origin_access_identity",
      "name": "nzb_frontend",
      "provider": "provider[\"registry.terraform.io/hashicorp/aws\"]",
      "instances": [
        {
          "schema_version": 0,
          "attributes": {
            "caller_reference": "terraform-20220630083008380900000001",
            "cloudfront_access_identity_path": "origin-access-identity/cloudfront/ETC8P40Z7NRPS",
            "comment": null,
            "etag": "E1VXOHF3W6CWAO",
            "iam_arn": "arn:aws:iam::cloudfront:user/CloudFront Origin Access Identity ETC8P40Z7NRPS",
            "id": "ETC8P40Z7NRPS",
            "s3_canonical_user_id": "27e5b63b0564107334f9b701f2bf29ed313c6d40c7183b87674ac0f7fb341f4cbf18dcb184812529db24280e2f5f414f"
          },
          "sensitive_attributes": [],
          "private": "bnVsbA=="
        }
      ]
    },
    {
      "mode": "managed",
      "type": "aws_cloudwatch_event_rule",
      "name": "nzb_backfill_trigger_rate",
      "provider": "provider[\"registry.terraform.io/hashicorp/aws\"]",
      "instances": [
        {
          "schema_version": 0,
          "attributes": {
            "arn": "arn:aws:events:eu-west-3:534493106272:rule/nzb_backfill.cron-daily-23h30.20220519151333778900000001",
            "description": "",
            "event_bus_name": "default",
            "event_pattern": null,
            "id": "nzb_backfill.cron-daily-23h30.20220519151333778900000001",
            "is_enabled": true,
            "name": "nzb_backfill.cron-daily-23h30.20220519151333778900000001",
            "name_prefix": "nzb_backfill.cron-daily-23h30.",
            "role_arn": "",
            "schedule_expression": "cron(30 23 ? * * *)",
            "tags": {},
            "tags_all": {
              "Project": "nzb"
            }
          },
          "sensitive_attributes": [],
          "private": "bnVsbA=="
        }
      ]
    },
    {
      "mode": "managed",
      "type": "aws_cloudwatch_event_rule",
      "name": "nzb_registry_trigger_rate",
      "provider": "provider[\"registry.terraform.io/hashicorp/aws\"]",
      "instances": [
        {
          "schema_version": 0,
          "attributes": {
            "arn": "arn:aws:events:eu-west-3:534493106272:rule/nzb_registry.rate-5-minutes.20220519150835874500000001",
            "description": "",
            "event_bus_name": "default",
            "event_pattern": null,
            "id": "nzb_registry.rate-5-minutes.20220519150835874500000001",
            "is_enabled": true,
            "name": "nzb_registry.rate-5-minutes.20220519150835874500000001",
            "name_prefix": "nzb_registry.rate-5-minutes.",
            "role_arn": "",
            "schedule_expression": "rate(5 minutes)",
            "tags": {},
            "tags_all": {
              "Project": "nzb"
            }
          },
          "sensitive_attributes": [],
          "private": "bnVsbA=="
        }
      ]
    },
    {
      "mode": "managed",
      "type": "aws_cloudwatch_event_target",
      "name": "nzb_backfill_trigger_target",
      "provider": "provider[\"registry.terraform.io/hashicorp/aws\"]",
      "instances": [
        {
          "schema_version": 1,
          "attributes": {
            "arn": "arn:aws:lambda:eu-west-3:534493106272:function:nzb_backfill",
            "batch_target": [],
            "dead_letter_config": [],
            "ecs_target": [],
            "event_bus_name": "default",
            "http_target": [],
            "id": "nzb_backfill.cron-daily-23h30.20220519151333778900000001-terraform-20220519151404426600000002",
            "input": "",
            "input_path": "",
            "input_transformer": [],
            "kinesis_target": [],
            "redshift_target": [],
            "retry_policy": [],
            "role_arn": "",
            "rule": "nzb_backfill.cron-daily-23h30.20220519151333778900000001",
            "run_command_targets": [],
            "sqs_target": [],
            "target_id": "terraform-20220519151404426600000002"
          },
          "sensitive_attributes": [],
          "private": "eyJzY2hlbWFfdmVyc2lvbiI6IjEifQ==",
          "dependencies": [
            "aws_cloudwatch_event_rule.nzb_backfill_trigger_rate",
            "aws_iam_role.lambda_nzb_backfill_exec",
            "aws_lambda_function.nzb_backfill",
            "aws_s3_bucket.code",
            "aws_s3_bucket_object.nzb_backfill_archive",
            "data.archive_file.nzb_backfill_archive",
            "data.aws_iam_policy_document.lambda_nzb_backfill_extra_role"
          ]
        }
      ]
    },
    {
      "mode": "managed",
      "type": "aws_cloudwatch_event_target",
      "name": "nzb_registry_trigger_target",
      "provider": "provider[\"registry.terraform.io/hashicorp/aws\"]",
      "instances": [
        {
          "schema_version": 1,
          "attributes": {
            "arn": "arn:aws:lambda:eu-west-3:534493106272:function:nzb_registry",
            "batch_target": [],
            "dead_letter_config": [],
            "ecs_target": [],
            "event_bus_name": "default",
            "http_target": [],
            "id": "nzb_registry.rate-5-minutes.20220519150835874500000001-terraform-20220519151222915700000004",
            "input": "",
            "input_path": "",
            "input_transformer": [],
            "kinesis_target": [],
            "redshift_target": [],
            "retry_policy": [],
            "role_arn": "",
            "rule": "nzb_registry.rate-5-minutes.20220519150835874500000001",
            "run_command_targets": [],
            "sqs_target": [],
            "target_id": "terraform-20220519151222915700000004"
          },
          "sensitive_attributes": [],
          "private": "eyJzY2hlbWFfdmVyc2lvbiI6IjEifQ==",
          "dependencies": [
            "aws_cloudwatch_event_rule.nzb_registry_trigger_rate",
            "aws_iam_role.lambda_nzb_registry_exec",
            "aws_lambda_function.nzb_registry",
            "aws_s3_bucket.code",
            "aws_s3_bucket_object.nzb_registry_archive",
            "data.archive_file.nzb_registry_archive",
            "data.aws_iam_policy_document.lambda_nzb_registry_extra_role"
          ]
        }
      ]
    },
    {
      "mode": "managed",
      "type": "aws_dynamodb_table",
      "name": "imdb_info_table",
      "provider": "provider[\"registry.terraform.io/hashicorp/aws\"]",
      "instances": [
        {
          "schema_version": 1,
          "attributes": {
            "arn": "arn:aws:dynamodb:eu-west-3:534493106272:table/ImdbInfo",
            "attribute": [
              {
                "name": "bestNzbDate",
                "type": "N"
              },
              {
                "name": "imdbId",
                "type": "S"
              },
              {
                "name": "releaseDate",
                "type": "N"
              },
              {
                "name": "v",
                "type": "S"
              }
            ],
            "billing_mode": "PAY_PER_REQUEST",
            "global_secondary_index": [
              {
                "hash_key": "v",
                "name": "NzbRegistry_All_SortedByBestNzbDate",
                "non_key_attributes": [],
                "projection_type": "ALL",
                "range_key": "bestNzbDate",
                "read_capacity": 0,
                "write_capacity": 0
              },
              {
                "hash_key": "v",
                "name": "NzbRegistry_All_SortedByReleaseDate",
                "non_key_attributes": [],
                "projection_type": "ALL",
                "range_key": "releaseDate",
                "read_capacity": 0,
                "write_capacity": 0
              }
            ],
            "hash_key": "imdbId",
            "id": "ImdbInfo",
            "local_secondary_index": [],
            "name": "ImdbInfo",
            "point_in_time_recovery": [
              {
                "enabled": false
              }
            ],
            "range_key": null,
            "read_capacity": 0,
            "replica": [],
            "restore_date_time": null,
            "restore_source_name": null,
            "restore_to_latest_time": null,
            "server_side_encryption": [],
            "stream_arn": "",
            "stream_enabled": false,
            "stream_label": "",
            "stream_view_type": "",
            "table_class": "",
            "tags": {},
            "tags_all": {
              "Project": "nzb"
            },
            "timeouts": null,
            "ttl": [
              {
                "attribute_name": "",
                "enabled": false
              }
            ],
            "write_capacity": 0
          },
          "sensitive_attributes": [],
          "private": "eyJlMmJmYjczMC1lY2FhLTExZTYtOGY4OC0zNDM2M2JjN2M0YzAiOnsiY3JlYXRlIjoxODAwMDAwMDAwMDAwLCJkZWxldGUiOjYwMDAwMDAwMDAwMCwidXBkYXRlIjozNjAwMDAwMDAwMDAwfSwic2NoZW1hX3ZlcnNpb24iOiIxIn0="
        }
      ]
    },
    {
      "mode": "managed",
      "type": "aws_dynamodb_table",
      "name": "nzb_registry_table",
      "provider": "provider[\"registry.terraform.io/hashicorp/aws\"]",
      "instances": [
        {
          "schema_version": 1,
          "attributes": {
            "arn": "arn:aws:dynamodb:eu-west-3:534493106272:table/NzbRegistry",
            "attribute": [
              {
                "name": "guid",
                "type": "S"
              },
              {
                "name": "healthStatus",
                "type": "S"
              },
              {
                "name": "healthTs",
                "type": "N"
              },
              {
                "name": "imdbId",
                "type": "S"
              },
              {
                "name": "pubTs",
                "type": "N"
              },
              {
                "name": "v",
                "type": "S"
              }
            ],
            "billing_mode": "PAY_PER_REQUEST",
            "global_secondary_index": [
              {
                "hash_key": "healthStatus",
                "name": "NzbRegistry_ByHealthFailure_SortedByHealthTs",
                "non_key_attributes": [],
                "projection_type": "ALL",
                "range_key": "healthTs",
                "read_capacity": 0,
                "write_capacity": 0
              },
              {
                "hash_key": "imdbId",
                "name": "NzbRegistry_ByImdbId_SortedByPubTs",
                "non_key_attributes": [],
                "projection_type": "ALL",
                "range_key": "pubTs",
                "read_capacity": 0,
                "write_capacity": 0
              },
              {
                "hash_key": "v",
                "name": "NzbRegistry_All_SortedByPubTs",
                "non_key_attributes": [],
                "projection_type": "ALL",
                "range_key": "pubTs",
                "read_capacity": 0,
                "write_capacity": 0
              }
            ],
            "hash_key": "guid",
            "id": "NzbRegistry",
            "local_secondary_index": [],
            "name": "NzbRegistry",
            "point_in_time_recovery": [
              {
                "enabled": false
              }
            ],
            "range_key": null,
            "read_capacity": 0,
            "replica": [],
            "restore_date_time": null,
            "restore_source_name": null,
            "restore_to_latest_time": null,
            "server_side_encryption": [],
            "stream_arn": "",
            "stream_enabled": false,
            "stream_label": "",
            "stream_view_type": "",
            "table_class": "",
            "tags": {},
            "tags_all": {
              "Project": "nzb"
            },
            "timeouts": null,
            "ttl": [
              {
                "attribute_name": "",
                "enabled": false
              }
            ],
            "write_capacity": 0
          },
          "sensitive_attributes": [],
          "private": "eyJlMmJmYjczMC1lY2FhLTExZTYtOGY4OC0zNDM2M2JjN2M0YzAiOnsiY3JlYXRlIjoxODAwMDAwMDAwMDAwLCJkZWxldGUiOjYwMDAwMDAwMDAwMCwidXBkYXRlIjozNjAwMDAwMDAwMDAwfSwic2NoZW1hX3ZlcnNpb24iOiIxIn0="
        }
      ]
    },
    {
      "mode": "managed",
      "type": "aws_dynamodb_table",
      "name": "parameters_table",
      "provider": "provider[\"registry.terraform.io/hashicorp/aws\"]",
      "instances": [
        {
          "schema_version": 1,
          "attributes": {
            "arn": "arn:aws:dynamodb:eu-west-3:534493106272:table/NzbParameters",
            "attribute": [
              {
                "name": "key",
                "type": "S"
              }
            ],
            "billing_mode": "PAY_PER_REQUEST",
            "global_secondary_index": [],
            "hash_key": "key",
            "id": "NzbParameters",
            "local_secondary_index": [],
            "name": "NzbParameters",
            "point_in_time_recovery": [
              {
                "enabled": false
              }
            ],
            "range_key": null,
            "read_capacity": 0,
            "replica": [],
            "restore_date_time": null,
            "restore_source_name": null,
            "restore_to_latest_time": null,
            "server_side_encryption": [],
            "stream_arn": "",
            "stream_enabled": false,
            "stream_label": "",
            "stream_view_type": "",
            "table_class": "",
            "tags": {},
            "tags_all": {
              "Project": "nzb"
            },
            "timeouts": null,
            "ttl": [
              {
                "attribute_name": "",
                "enabled": false
              }
            ],
            "write_capacity": 0
          },
          "sensitive_attributes": [],
          "private": "eyJlMmJmYjczMC1lY2FhLTExZTYtOGY4OC0zNDM2M2JjN2M0YzAiOnsiY3JlYXRlIjoxODAwMDAwMDAwMDAwLCJkZWxldGUiOjYwMDAwMDAwMDAwMCwidXBkYXRlIjozNjAwMDAwMDAwMDAwfSwic2NoZW1hX3ZlcnNpb24iOiIxIn0="
        }
      ]
    },
    {
      "mode": "managed",
      "type": "aws_iam_role",
      "name": "lambda_nzb_backend_exec",
      "provider": "provider[\"registry.terraform.io/hashicorp/aws\"]",
      "instances": [
        {
          "schema_version": 0,
          "attributes": {
            "arn": "arn:aws:iam::534493106272:role/nzb_backend-API-assume-role",
            "assume_role_policy": "{\"Version\":\"2012-10-17\",\"Statement\":[{\"Sid\":\"\",\"Effect\":\"Allow\",\"Principal\":{\"Service\":\"lambda.amazonaws.com\"},\"Action\":\"sts:AssumeRole\"}]}",
            "create_date": "2022-06-30T08:30:08Z",
            "description": "",
            "force_detach_policies": false,
            "id": "nzb_backend-API-assume-role",
            "inline_policy": [
              {
                "name": "nzb_backend-API-cloudwatch-role",
                "policy": "{\"Statement\":[{\"Action\":[\"logs:CreateLogGroup\",\"logs:CreateLogStream\",\"logs:PutLogEvents\"],\"Effect\":\"Allow\",\"Resource\":\"arn:aws:logs:*:*:*\"}],\"Version\":\"2012-10-17\"}"
              },
              {
                "name": "nzb_backend-API-extra-role",
                "policy": "{\n  \"Version\": \"2012-10-17\",\n  \"Statement\": [\n    {\n      \"Sid\": \"\",\n      \"Effect\": \"Allow\",\n      \"Action\": \"dynamodb:*\",\n      \"Resource\": [\n        \"arn:aws:dynamodb:eu-west-3:*:table/NzbRegistry/index/*\",\n        \"arn:aws:dynamodb:eu-west-3:*:table/NzbRegistry\",\n        \"arn:aws:dynamodb:eu-west-3:*:table/ImdbInfo/index/*\",\n        \"arn:aws:dynamodb:eu-west-3:*:table/ImdbInfo\"\n      ]\n    }\n  ]\n}"
              }
            ],
            "managed_policy_arns": [],
            "max_session_duration": 3600,
            "name": "nzb_backend-API-assume-role",
            "name_prefix": "",
            "path": "/",
            "permissions_boundary": null,
            "tags": {},
            "tags_all": {
              "Project": "nzb"
            },
            "unique_id": "AROAXY4SFSBQLQ7MOXZPI"
          },
          "sensitive_attributes": [],
          "private": "bnVsbA==",
          "dependencies": [
            "data.aws_iam_policy_document.lambda_nzb_backend_extra_role"
          ]
        }
      ]
    },
    {
      "mode": "managed",
      "type": "aws_iam_role",
      "name": "lambda_nzb_backfill_exec",
      "provider": "provider[\"registry.terraform.io/hashicorp/aws\"]",
      "instances": [
        {
          "schema_version": 0,
          "attributes": {
            "arn": "arn:aws:iam::534493106272:role/nzb_backfill-assume-role",
            "assume_role_policy": "{\"Version\":\"2012-10-17\",\"Statement\":[{\"Sid\":\"\",\"Effect\":\"Allow\",\"Principal\":{\"Service\":\"lambda.amazonaws.com\"},\"Action\":\"sts:AssumeRole\"}]}",
            "create_date": "2022-05-19T15:16:56Z",
            "description": "",
            "force_detach_policies": false,
            "id": "nzb_backfill-assume-role",
            "inline_policy": [
              {
                "name": "nzb_backfill-cloudwatch-role",
                "policy": "{\"Statement\":[{\"Action\":[\"logs:CreateLogGroup\",\"logs:CreateLogStream\",\"logs:PutLogEvents\"],\"Effect\":\"Allow\",\"Resource\":\"arn:aws:logs:*:*:*\"}],\"Version\":\"2012-10-17\"}"
              },
              {
                "name": "nzb_backfill-extra-role",
                "policy": "{\n  \"Version\": \"2012-10-17\",\n  \"Statement\": [\n    {\n      \"Sid\": \"\",\n      \"Effect\": \"Allow\",\n      \"Action\": \"dynamodb:*\",\n      \"Resource\": [\n        \"arn:aws:dynamodb:eu-west-3:*:table/NzbRegistry/index/*\",\n        \"arn:aws:dynamodb:eu-west-3:*:table/NzbRegistry\",\n        \"arn:aws:dynamodb:eu-west-3:*:table/NzbParameters\",\n        \"arn:aws:dynamodb:eu-west-3:*:table/ImdbInfo\"\n      ]\n    },\n    {\n      \"Sid\": \"\",\n      \"Effect\": \"Allow\",\n      \"Action\": \"sqs:*\",\n      \"Resource\": \"arn:aws:sqs:eu-west-3:*:NzbToCheck\"\n    }\n  ]\n}"
              }
            ],
            "managed_policy_arns": [],
            "max_session_duration": 3600,
            "name": "nzb_backfill-assume-role",
            "name_prefix": "",
            "path": "/",
            "permissions_boundary": null,
            "tags": {},
            "tags_all": {
              "Project": "nzb"
            },
            "unique_id": "AROAXY4SFSBQGX2HFOB7M"
          },
          "sensitive_attributes": [],
          "private": "bnVsbA==",
          "dependencies": [
            "data.aws_iam_policy_document.lambda_nzb_backfill_extra_role"
          ]
        }
      ]
    },
    {
      "mode": "managed",
      "type": "aws_iam_role",
      "name": "lambda_nzb_checker_exec",
      "provider": "provider[\"registry.terraform.io/hashicorp/aws\"]",
      "instances": [
        {
          "schema_version": 0,
          "attributes": {
            "arn": "arn:aws:iam::534493106272:role/nzb_checker-assume-role",
            "assume_role_policy": "{\"Version\":\"2012-10-17\",\"Statement\":[{\"Sid\":\"\",\"Effect\":\"Allow\",\"Principal\":{\"Service\":\"lambda.amazonaws.com\"},\"Action\":\"sts:AssumeRole\"}]}",
            "create_date": "2022-05-06T12:08:50Z",
            "description": "",
            "force_detach_policies": false,
            "id": "nzb_checker-assume-role",
            "inline_policy": [
              {
                "name": "nzb_checker-cloudwatch-role",
                "policy": "{\"Statement\":[{\"Action\":[\"logs:CreateLogGroup\",\"logs:CreateLogStream\",\"logs:PutLogEvents\"],\"Effect\":\"Allow\",\"Resource\":\"arn:aws:logs:*:*:*\"}],\"Version\":\"2012-10-17\"}"
              },
              {
                "name": "nzb_checker-extra-role",
                "policy": "{\n  \"Version\": \"2012-10-17\",\n  \"Statement\": [\n    {\n      \"Sid\": \"\",\n      \"Effect\": \"Allow\",\n      \"Action\": \"dynamodb:*\",\n      \"Resource\": [\n        \"arn:aws:dynamodb:eu-west-3:*:table/NzbRegistry/index/*\",\n        \"arn:aws:dynamodb:eu-west-3:*:table/NzbRegistry\",\n        \"arn:aws:dynamodb:eu-west-3:*:table/ImdbInfo\"\n      ]\n    },\n    {\n      \"Sid\": \"\",\n      \"Effect\": \"Allow\",\n      \"Action\": \"sqs:*\",\n      \"Resource\": \"arn:aws:sqs:eu-west-3:*:NzbToCheck\"\n    }\n  ]\n}"
              }
            ],
            "managed_policy_arns": [],
            "max_session_duration": 3600,
            "name": "nzb_checker-assume-role",
            "name_prefix": "",
            "path": "/",
            "permissions_boundary": null,
            "tags": {},
            "tags_all": {
              "Project": "nzb"
            },
            "unique_id": "AROAXY4SFSBQEBU6EV77A"
          },
          "sensitive_attributes": [],
          "private": "bnVsbA==",
          "dependencies": [
            "data.aws_iam_policy_document.lambda_nzb_checker_extra_role"
          ]
        }
      ]
    },
    {
      "mode": "managed",
      "type": "aws_iam_role",
      "name": "lambda_nzb_health_exec",
      "provider": "provider[\"registry.terraform.io/hashicorp/aws\"]",
      "instances": [
        {
          "schema_version": 0,
          "attributes": {
            "arn": "arn:aws:iam::534493106272:role/nzb_health-assume-role",
            "assume_role_policy": "{\"Version\":\"2012-10-17\",\"Statement\":[{\"Sid\":\"\",\"Effect\":\"Allow\",\"Principal\":{\"Service\":\"lambda.amazonaws.com\"},\"Action\":\"sts:AssumeRole\"}]}",
            "create_date": "2022-05-20T09:18:42Z",
            "description": "",
            "force_detach_policies": false,
            "id": "nzb_health-assume-role",
            "inline_policy": [
              {
                "name": "nzb_health-cloudwatch-role",
                "policy": "{\"Statement\":[{\"Action\":[\"logs:CreateLogGroup\",\"logs:CreateLogStream\",\"logs:PutLogEvents\"],\"Effect\":\"Allow\",\"Resource\":\"arn:aws:logs:*:*:*\"}],\"Version\":\"2012-10-17\"}"
              },
              {
                "name": "nzb_health-extra-role",
                "policy": "{\n  \"Version\": \"2012-10-17\",\n  \"Statement\": [\n    {\n      \"Sid\": \"\",\n      \"Effect\": \"Allow\",\n      \"Action\": \"dynamodb:*\",\n      \"Resource\": [\n        \"arn:aws:dynamodb:eu-west-3:*:table/NzbRegistry/index/*\",\n        \"arn:aws:dynamodb:eu-west-3:*:table/NzbRegistry\",\n        \"arn:aws:dynamodb:eu-west-3:*:table/ImdbInfo\"\n      ]\n    },\n    {\n      \"Sid\": \"\",\n      \"Effect\": \"Allow\",\n      \"Action\": \"sqs:*\",\n      \"Resource\": \"arn:aws:sqs:eu-west-3:*:NzbToCheck\"\n    }\n  ]\n}"
              }
            ],
            "managed_policy_arns": [],
            "max_session_duration": 3600,
            "name": "nzb_health-assume-role",
            "name_prefix": "",
            "path": "/",
            "permissions_boundary": null,
            "tags": {},
            "tags_all": {
              "Project": "nzb"
            },
            "unique_id": "AROAXY4SFSBQHTN2URWW7"
          },
          "sensitive_attributes": [],
          "private": "bnVsbA==",
          "dependencies": [
            "data.aws_iam_policy_document.lambda_nzb_health_extra_role"
          ]
        }
      ]
    },
    {
      "mode": "managed",
      "type": "aws_iam_role",
      "name": "lambda_nzb_registry_exec",
      "provider": "provider[\"registry.terraform.io/hashicorp/aws\"]",
      "instances": [
        {
          "schema_version": 0,
          "attributes": {
            "arn": "arn:aws:iam::534493106272:role/nzb_registry-assume-role",
            "assume_role_policy": "{\"Version\":\"2012-10-17\",\"Statement\":[{\"Sid\":\"\",\"Effect\":\"Allow\",\"Principal\":{\"Service\":\"lambda.amazonaws.com\"},\"Action\":\"sts:AssumeRole\"}]}",
            "create_date": "2022-05-04T14:23:43Z",
            "description": "",
            "force_detach_policies": false,
            "id": "nzb_registry-assume-role",
            "inline_policy": [
              {
                "name": "nzb_registry-cloudwatch-role",
                "policy": "{\"Statement\":[{\"Action\":[\"logs:CreateLogGroup\",\"logs:CreateLogStream\",\"logs:PutLogEvents\"],\"Effect\":\"Allow\",\"Resource\":\"arn:aws:logs:*:*:*\"}],\"Version\":\"2012-10-17\"}"
              },
              {
                "name": "nzb_registry-extra-role",
                "policy": "{\n  \"Version\": \"2012-10-17\",\n  \"Statement\": [\n    {\n      \"Sid\": \"\",\n      \"Effect\": \"Allow\",\n      \"Action\": \"dynamodb:*\",\n      \"Resource\": [\n        \"arn:aws:dynamodb:eu-west-3:*:table/NzbRegistry/index/*\",\n        \"arn:aws:dynamodb:eu-west-3:*:table/NzbRegistry\"\n      ]\n    },\n    {\n      \"Sid\": \"\",\n      \"Effect\": \"Allow\",\n      \"Action\": \"sqs:*\",\n      \"Resource\": \"arn:aws:sqs:eu-west-3:*:NzbToCheck\"\n    }\n  ]\n}"
              }
            ],
            "managed_policy_arns": [],
            "max_session_duration": 3600,
            "name": "nzb_registry-assume-role",
            "name_prefix": "",
            "path": "/",
            "permissions_boundary": null,
            "tags": {},
            "tags_all": {
              "Project": "nzb"
            },
            "unique_id": "AROAXY4SFSBQC6RBUADGB"
          },
          "sensitive_attributes": [],
          "private": "bnVsbA==",
          "dependencies": [
            "data.aws_iam_policy_document.lambda_nzb_registry_extra_role"
          ]
        }
      ]
    },
    {
      "mode": "managed",
      "type": "aws_lambda_event_source_mapping",
      "name": "nzb_checker_trigger",
      "provider": "provider[\"registry.terraform.io/hashicorp/aws\"]",
      "instances": [
        {
          "schema_version": 0,
          "attributes": {
            "batch_size": 1,
            "bisect_batch_on_function_error": false,
            "destination_config": [],
            "enabled": true,
            "event_source_arn": "arn:aws:sqs:eu-west-3:534493106272:NzbToCheck",
            "filter_criteria": [],
            "function_arn": "arn:aws:lambda:eu-west-3:534493106272:function:nzb_checker",
            "function_name": "arn:aws:lambda:eu-west-3:534493106272:function:nzb_checker",
            "function_response_types": [],
            "id": "eb304336-5e46-4584-91ef-1c18b3110074",
            "last_modified": "2022-05-06T12:09:16Z",
            "last_processing_result": "",
            "maximum_batching_window_in_seconds": 0,
            "maximum_record_age_in_seconds": 0,
            "maximum_retry_attempts": 0,
            "parallelization_factor": 0,
            "queues": [],
            "self_managed_event_source": [],
            "source_access_configuration": [],
            "starting_position": "",
            "starting_position_timestamp": "",
            "state": "Enabled",
            "state_transition_reason": "USER_INITIATED",
            "topics": [],
            "tumbling_window_in_seconds": 0,
            "uuid": "eb304336-5e46-4584-91ef-1c18b3110074"
          },
          "sensitive_attributes": [],
          "private": "bnVsbA==",
          "dependencies": [
            "aws_iam_role.lambda_nzb_checker_exec",
            "aws_lambda_function.nzb_checker",
            "aws_s3_bucket.code",
            "aws_s3_bucket_object.nzb_checker_archive",
            "aws_sqs_queue.nzb_to_check_queue",
            "data.archive_file.nzb_checker_archive",
            "data.aws_iam_policy_document.lambda_nzb_checker_extra_role"
          ]
        }
      ]
    },
    {
      "mode": "managed",
      "type": "aws_lambda_function",
      "name": "nzb_backend",
      "provider": "provider[\"registry.terraform.io/hashicorp/aws\"]",
      "instances": [
        {
          "schema_version": 0,
          "attributes": {
            "architectures": [],
            "arn": "arn:aws:lambda:eu-west-3:534493106272:function:nzb_backend-API",
            "code_signing_config_arn": "",
            "dead_letter_config": [],
            "description": "",
            "environment": [],
            "file_system_config": [],
            "filename": null,
            "function_name": "nzb_backend-API",
            "handler": "main.handler",
            "id": "nzb_backend-API",
            "image_config": [],
            "image_uri": "",
            "invoke_arn": "arn:aws:apigateway:eu-west-3:lambda:path/2015-03-31/functions/arn:aws:lambda:eu-west-3:534493106272:function:nzb_backend-API/invocations",
            "kms_key_arn": "",
            "last_modified": "2022-06-30T09:05:57.000+0000",
            "layers": [],
            "memory_size": 128,
            "package_type": "Zip",
            "publish": false,
            "qualified_arn": "arn:aws:lambda:eu-west-3:534493106272:function:nzb_backend-API:$LATEST",
            "reserved_concurrent_executions": -1,
            "role": "arn:aws:iam::534493106272:role/nzb_backend-API-assume-role",
            "runtime": "nodejs14.x",
            "s3_bucket": "nzb-20220504142343527200000001",
            "s3_key": "nzb_backend/dist.zip",
            "s3_object_version": null,
            "signing_job_arn": "",
            "signing_profile_version_arn": "",
            "source_code_hash": "qdWnWpToK5wYvBeY/g4EnAgDK6voxrbvyTK6CLCrql8=",
            "source_code_size": 5373001,
            "tags": {},
            "tags_all": {
              "Project": "nzb"
            },
            "timeout": 3,
            "timeouts": null,
            "tracing_config": [
              {
                "mode": "PassThrough"
              }
            ],
            "version": "$LATEST",
            "vpc_config": []
          },
          "sensitive_attributes": [],
          "private": "eyJlMmJmYjczMC1lY2FhLTExZTYtOGY4OC0zNDM2M2JjN2M0YzAiOnsiY3JlYXRlIjo2MDAwMDAwMDAwMDB9fQ==",
          "dependencies": [
            "aws_iam_role.lambda_nzb_backend_exec",
            "aws_s3_bucket.code",
            "aws_s3_bucket_object.nzb_backend_archive",
            "data.archive_file.nzb_backend_archive",
            "data.aws_iam_policy_document.lambda_nzb_backend_extra_role"
          ]
        }
      ]
    },
    {
      "mode": "managed",
      "type": "aws_lambda_function",
      "name": "nzb_backfill",
      "provider": "provider[\"registry.terraform.io/hashicorp/aws\"]",
      "instances": [
        {
          "schema_version": 0,
          "attributes": {
            "architectures": [],
            "arn": "arn:aws:lambda:eu-west-3:534493106272:function:nzb_backfill",
            "code_signing_config_arn": "",
            "dead_letter_config": [],
            "description": "",
            "environment": [],
            "file_system_config": [],
            "filename": null,
            "function_name": "nzb_backfill",
            "handler": "main.handler",
            "id": "nzb_backfill",
            "image_config": [],
            "image_uri": "",
            "invoke_arn": "arn:aws:apigateway:eu-west-3:lambda:path/2015-03-31/functions/arn:aws:lambda:eu-west-3:534493106272:function:nzb_backfill/invocations",
            "kms_key_arn": "",
            "last_modified": "2022-06-30T09:05:55.000+0000",
            "layers": [],
            "memory_size": 128,
            "package_type": "Zip",
            "publish": false,
            "qualified_arn": "arn:aws:lambda:eu-west-3:534493106272:function:nzb_backfill:$LATEST",
            "reserved_concurrent_executions": 1,
            "role": "arn:aws:iam::534493106272:role/nzb_backfill-assume-role",
            "runtime": "nodejs14.x",
            "s3_bucket": "nzb-20220504142343527200000001",
            "s3_key": "nzb_backfill/dist.zip",
            "s3_object_version": null,
            "signing_job_arn": "",
            "signing_profile_version_arn": "",
            "source_code_hash": "fhWutY4t5SNGVnkcl3FzFNatmQMmEI9z8pJYHc2ctyo=",
            "source_code_size": 4103771,
            "tags": {},
            "tags_all": {
              "Project": "nzb"
            },
            "timeout": 900,
            "timeouts": null,
            "tracing_config": [
              {
                "mode": "PassThrough"
              }
            ],
            "version": "$LATEST",
            "vpc_config": []
          },
          "sensitive_attributes": [],
          "private": "eyJlMmJmYjczMC1lY2FhLTExZTYtOGY4OC0zNDM2M2JjN2M0YzAiOnsiY3JlYXRlIjo2MDAwMDAwMDAwMDB9fQ==",
          "dependencies": [
            "aws_iam_role.lambda_nzb_backfill_exec",
            "aws_s3_bucket.code",
            "aws_s3_bucket_object.nzb_backfill_archive",
            "data.archive_file.nzb_backfill_archive"
          ]
        }
      ]
    },
    {
      "mode": "managed",
      "type": "aws_lambda_function",
      "name": "nzb_checker",
      "provider": "provider[\"registry.terraform.io/hashicorp/aws\"]",
      "instances": [
        {
          "schema_version": 0,
          "attributes": {
            "architectures": [],
            "arn": "arn:aws:lambda:eu-west-3:534493106272:function:nzb_checker",
            "code_signing_config_arn": "",
            "dead_letter_config": [],
            "description": "",
            "environment": [],
            "file_system_config": [],
            "filename": null,
            "function_name": "nzb_checker",
            "handler": "main.handler",
            "id": "nzb_checker",
            "image_config": [],
            "image_uri": "",
            "invoke_arn": "arn:aws:apigateway:eu-west-3:lambda:path/2015-03-31/functions/arn:aws:lambda:eu-west-3:534493106272:function:nzb_checker/invocations",
            "kms_key_arn": "",
            "last_modified": "2022-06-30T09:05:56.000+0000",
            "layers": [],
            "memory_size": 128,
            "package_type": "Zip",
            "publish": false,
            "qualified_arn": "arn:aws:lambda:eu-west-3:534493106272:function:nzb_checker:$LATEST",
            "reserved_concurrent_executions": 1,
            "role": "arn:aws:iam::534493106272:role/nzb_checker-assume-role",
            "runtime": "nodejs14.x",
            "s3_bucket": "nzb-20220504142343527200000001",
            "s3_key": "nzb_checker/dist.zip",
            "s3_object_version": null,
            "signing_job_arn": "",
            "signing_profile_version_arn": "",
            "source_code_hash": "n7/j2ID60FuXnKtoMaLmETKsMF+nnpjBYowvr+6IyNk=",
            "source_code_size": 4102396,
            "tags": {},
            "tags_all": {
              "Project": "nzb"
            },
            "timeout": 30,
            "timeouts": null,
            "tracing_config": [
              {
                "mode": "PassThrough"
              }
            ],
            "version": "$LATEST",
            "vpc_config": []
          },
          "sensitive_attributes": [],
          "private": "eyJlMmJmYjczMC1lY2FhLTExZTYtOGY4OC0zNDM2M2JjN2M0YzAiOnsiY3JlYXRlIjo2MDAwMDAwMDAwMDB9fQ==",
          "dependencies": [
            "aws_iam_role.lambda_nzb_checker_exec",
            "aws_s3_bucket.code",
            "aws_s3_bucket_object.nzb_checker_archive",
            "data.archive_file.nzb_checker_archive"
          ]
        }
      ]
    },
    {
      "mode": "managed",
      "type": "aws_lambda_function",
      "name": "nzb_health",
      "provider": "provider[\"registry.terraform.io/hashicorp/aws\"]",
      "instances": [
        {
          "schema_version": 0,
          "attributes": {
            "architectures": [],
            "arn": "arn:aws:lambda:eu-west-3:534493106272:function:nzb_health",
            "code_signing_config_arn": "",
            "dead_letter_config": [],
            "description": "",
            "environment": [],
            "file_system_config": [],
            "filename": null,
            "function_name": "nzb_health",
            "handler": "main.handler",
            "id": "nzb_health",
            "image_config": [],
            "image_uri": "",
            "invoke_arn": "arn:aws:apigateway:eu-west-3:lambda:path/2015-03-31/functions/arn:aws:lambda:eu-west-3:534493106272:function:nzb_health/invocations",
            "kms_key_arn": "",
            "last_modified": "2022-06-30T09:05:56.000+0000",
            "layers": [],
            "memory_size": 128,
            "package_type": "Zip",
            "publish": false,
            "qualified_arn": "arn:aws:lambda:eu-west-3:534493106272:function:nzb_health:$LATEST",
            "reserved_concurrent_executions": 1,
            "role": "arn:aws:iam::534493106272:role/nzb_health-assume-role",
            "runtime": "nodejs14.x",
            "s3_bucket": "nzb-20220504142343527200000001",
            "s3_key": "nzb_health/dist.zip",
            "s3_object_version": null,
            "signing_job_arn": "",
            "signing_profile_version_arn": "",
            "source_code_hash": "gNe5d5+9CqbTwourAXt+aZ5YoLhxoHEkZSq0chKEgsY=",
            "source_code_size": 4198691,
            "tags": {},
            "tags_all": {
              "Project": "nzb"
            },
            "timeout": 900,
            "timeouts": null,
            "tracing_config": [
              {
                "mode": "PassThrough"
              }
            ],
            "version": "$LATEST",
            "vpc_config": []
          },
          "sensitive_attributes": [],
          "private": "eyJlMmJmYjczMC1lY2FhLTExZTYtOGY4OC0zNDM2M2JjN2M0YzAiOnsiY3JlYXRlIjo2MDAwMDAwMDAwMDB9fQ==",
          "dependencies": [
            "aws_iam_role.lambda_nzb_health_exec",
            "aws_s3_bucket.code",
            "aws_s3_bucket_object.nzb_health_archive",
            "data.archive_file.nzb_health_archive"
          ]
        }
      ]
    },
    {
      "mode": "managed",
      "type": "aws_lambda_function",
      "name": "nzb_registry",
      "provider": "provider[\"registry.terraform.io/hashicorp/aws\"]",
      "instances": [
        {
          "schema_version": 0,
          "attributes": {
            "architectures": [],
            "arn": "arn:aws:lambda:eu-west-3:534493106272:function:nzb_registry",
            "code_signing_config_arn": "",
            "dead_letter_config": [],
            "description": "",
            "environment": [],
            "file_system_config": [],
            "filename": null,
            "function_name": "nzb_registry",
            "handler": "main.handler",
            "id": "nzb_registry",
            "image_config": [],
            "image_uri": "",
            "invoke_arn": "arn:aws:apigateway:eu-west-3:lambda:path/2015-03-31/functions/arn:aws:lambda:eu-west-3:534493106272:function:nzb_registry/invocations",
            "kms_key_arn": "",
            "last_modified": "2022-06-30T09:05:56.000+0000",
            "layers": [],
            "memory_size": 128,
            "package_type": "Zip",
            "publish": false,
            "qualified_arn": "arn:aws:lambda:eu-west-3:534493106272:function:nzb_registry:$LATEST",
            "reserved_concurrent_executions": 1,
            "role": "arn:aws:iam::534493106272:role/nzb_registry-assume-role",
            "runtime": "nodejs14.x",
            "s3_bucket": "nzb-20220504142343527200000001",
            "s3_key": "nzb_registry/dist.zip",
            "s3_object_version": null,
            "signing_job_arn": "",
            "signing_profile_version_arn": "",
            "source_code_hash": "dWQsfSWszAjv04xA9PmL4JleFSEcYM1TtD6CqcoZC+A=",
            "source_code_size": 4087849,
            "tags": {},
            "tags_all": {
              "Project": "nzb"
            },
            "timeout": 30,
            "timeouts": null,
            "tracing_config": [
              {
                "mode": "PassThrough"
              }
            ],
            "version": "$LATEST",
            "vpc_config": []
          },
          "sensitive_attributes": [],
          "private": "eyJlMmJmYjczMC1lY2FhLTExZTYtOGY4OC0zNDM2M2JjN2M0YzAiOnsiY3JlYXRlIjo2MDAwMDAwMDAwMDB9fQ==",
          "dependencies": [
            "aws_iam_role.lambda_nzb_registry_exec",
            "aws_s3_bucket.code",
            "aws_s3_bucket_object.nzb_registry_archive",
            "data.archive_file.nzb_registry_archive"
          ]
        }
      ]
    },
    {
      "mode": "managed",
      "type": "aws_lambda_permission",
      "name": "cloudwatch_invoke_nzb_backfill",
      "provider": "provider[\"registry.terraform.io/hashicorp/aws\"]",
      "instances": [
        {
          "schema_version": 0,
          "attributes": {
            "action": "lambda:InvokeFunction",
            "event_source_token": null,
            "function_name": "arn:aws:lambda:eu-west-3:534493106272:function:nzb_backfill",
            "id": "AllowExecutionFromCloudWatch",
            "principal": "events.amazonaws.com",
            "qualifier": "",
            "source_account": null,
            "source_arn": "arn:aws:events:eu-west-3:534493106272:rule/nzb_backfill.cron-daily-23h30.20220519151333778900000001",
            "statement_id": "AllowExecutionFromCloudWatch",
            "statement_id_prefix": null
          },
          "sensitive_attributes": [],
          "private": "bnVsbA==",
          "dependencies": [
            "aws_cloudwatch_event_rule.nzb_backfill_trigger_rate",
            "aws_iam_role.lambda_nzb_backfill_exec",
            "aws_lambda_function.nzb_backfill",
            "aws_s3_bucket.code",
            "aws_s3_bucket_object.nzb_backfill_archive",
            "data.archive_file.nzb_backfill_archive",
            "data.aws_iam_policy_document.lambda_nzb_backfill_extra_role"
          ]
        }
      ]
    },
    {
      "mode": "managed",
      "type": "aws_lambda_permission",
      "name": "cloudwatch_invoke_nzb_registry",
      "provider": "provider[\"registry.terraform.io/hashicorp/aws\"]",
      "instances": [
        {
          "schema_version": 0,
          "attributes": {
            "action": "lambda:InvokeFunction",
            "event_source_token": null,
            "function_name": "arn:aws:lambda:eu-west-3:534493106272:function:nzb_registry",
            "id": "AllowExecutionFromCloudWatch",
            "principal": "events.amazonaws.com",
            "qualifier": "",
            "source_account": null,
            "source_arn": "arn:aws:events:eu-west-3:534493106272:rule/nzb_registry.rate-5-minutes.20220519150835874500000001",
            "statement_id": "AllowExecutionFromCloudWatch",
            "statement_id_prefix": null
          },
          "sensitive_attributes": [],
          "private": "bnVsbA==",
          "dependencies": [
            "aws_cloudwatch_event_rule.nzb_registry_trigger_rate",
            "aws_iam_role.lambda_nzb_registry_exec",
            "aws_lambda_function.nzb_registry",
            "aws_s3_bucket.code",
            "aws_s3_bucket_object.nzb_registry_archive",
            "data.archive_file.nzb_registry_archive",
            "data.aws_iam_policy_document.lambda_nzb_registry_extra_role"
          ]
        }
      ]
    },
    {
      "mode": "managed",
      "type": "aws_lambda_permission",
      "name": "nzb_backend",
      "provider": "provider[\"registry.terraform.io/hashicorp/aws\"]",
      "instances": [
        {
          "schema_version": 0,
          "attributes": {
            "action": "lambda:InvokeFunction",
            "event_source_token": null,
            "function_name": "nzb_backend-API",
            "id": "AllowAPIGatewayInvoke",
            "principal": "apigateway.amazonaws.com",
            "qualifier": "",
            "source_account": null,
            "source_arn": "arn:aws:execute-api:eu-west-3:534493106272:59erydl5c5/*/*",
            "statement_id": "AllowAPIGatewayInvoke",
            "statement_id_prefix": null
          },
          "sensitive_attributes": [],
          "private": "bnVsbA==",
          "dependencies": [
            "aws_api_gateway_rest_api.nzb_backend",
            "aws_iam_role.lambda_nzb_backend_exec",
            "aws_lambda_function.nzb_backend",
            "aws_s3_bucket.code",
            "aws_s3_bucket_object.nzb_backend_archive",
            "data.archive_file.nzb_backend_archive",
            "data.aws_iam_policy_document.lambda_nzb_backend_extra_role"
          ]
        }
      ]
    },
    {
      "mode": "managed",
      "type": "aws_s3_bucket",
      "name": "code",
      "provider": "provider[\"registry.terraform.io/hashicorp/aws\"]",
      "instances": [
        {
          "schema_version": 0,
          "attributes": {
            "acceleration_status": "",
            "acl": "private",
            "arn": "arn:aws:s3:::nzb-20220504142343527200000001",
            "bucket": "nzb-20220504142343527200000001",
            "bucket_domain_name": "nzb-20220504142343527200000001.s3.amazonaws.com",
            "bucket_prefix": "nzb-",
            "bucket_regional_domain_name": "nzb-20220504142343527200000001.s3.eu-west-3.amazonaws.com",
            "cors_rule": [],
            "force_destroy": false,
            "grant": [],
            "hosted_zone_id": "Z3R1K369G5AVDG",
            "id": "nzb-20220504142343527200000001",
            "lifecycle_rule": [],
            "logging": [],
            "object_lock_configuration": [],
            "object_lock_enabled": false,
            "policy": null,
            "region": "eu-west-3",
            "replication_configuration": [],
            "request_payer": "BucketOwner",
            "server_side_encryption_configuration": [],
            "tags": {},
            "tags_all": {
              "Project": "nzb"
            },
            "versioning": [
              {
                "enabled": false,
                "mfa_delete": false
              }
            ],
            "website": [],
            "website_domain": null,
            "website_endpoint": null
          },
          "sensitive_attributes": [],
          "private": "bnVsbA==",
          "create_before_destroy": true
        }
      ]
    },
    {
      "mode": "managed",
      "type": "aws_s3_bucket_acl",
      "name": "code_bucket_acl",
      "provider": "provider[\"registry.terraform.io/hashicorp/aws\"]",
      "instances": [
        {
          "schema_version": 0,
          "attributes": {
            "access_control_policy": [
              {
                "grant": [
                  {
                    "grantee": [
                      {
                        "display_name": "",
                        "email_address": "",
                        "id": "c4a31d662af1f232bd9fde0e204df88789f54f3544f4783c316a59db833acd62",
                        "type": "CanonicalUser",
                        "uri": ""
                      }
                    ],
                    "permission": "FULL_CONTROL"
                  }
                ],
                "owner": [
                  {
                    "display_name": "",
                    "id": "c4a31d662af1f232bd9fde0e204df88789f54f3544f4783c316a59db833acd62"
                  }
                ]
              }
            ],
            "acl": "private",
            "bucket": "nzb-20220504142343527200000001",
            "expected_bucket_owner": "",
            "id": "nzb-20220504142343527200000001,private"
          },
          "sensitive_attributes": [],
          "private": "bnVsbA==",
          "dependencies": [
            "aws_s3_bucket.code"
          ]
        }
      ]
    },
    {
      "mode": "managed",
      "type": "aws_s3_bucket_object",
      "name": "nzb_backend_archive",
      "provider": "provider[\"registry.terraform.io/hashicorp/aws\"]",
      "instances": [
        {
          "schema_version": 0,
          "attributes": {
            "acl": "private",
            "bucket": "nzb-20220504142343527200000001",
            "bucket_key_enabled": false,
            "cache_control": "",
            "content": null,
            "content_base64": null,
            "content_disposition": "",
            "content_encoding": "",
            "content_language": "",
            "content_type": "binary/octet-stream",
            "etag": "2b4274be6e96bde7e599497aef748aaf-2",
            "force_destroy": false,
            "id": "nzb_backend/dist.zip",
            "key": "nzb_backend/dist.zip",
            "kms_key_id": null,
            "metadata": {},
            "object_lock_legal_hold_status": "",
            "object_lock_mode": "",
            "object_lock_retain_until_date": "",
            "server_side_encryption": "",
            "source": "./archives/nzb_backend.zip",
            "source_hash": null,
            "storage_class": "STANDARD",
            "tags": {},
            "tags_all": {
              "Project": "nzb"
            },
            "version_id": "",
            "website_redirect": ""
          },
          "sensitive_attributes": [],
          "private": "bnVsbA==",
          "dependencies": [
            "aws_s3_bucket.code",
            "data.archive_file.nzb_backend_archive"
          ]
        }
      ]
    },
    {
      "mode": "managed",
      "type": "aws_s3_bucket_object",
      "name": "nzb_backfill_archive",
      "provider": "provider[\"registry.terraform.io/hashicorp/aws\"]",
      "instances": [
        {
          "schema_version": 0,
          "attributes": {
            "acl": "private",
            "bucket": "nzb-20220504142343527200000001",
            "bucket_key_enabled": false,
            "cache_control": "",
            "content": null,
            "content_base64": null,
            "content_disposition": "",
            "content_encoding": "",
            "content_language": "",
            "content_type": "binary/octet-stream",
            "etag": "b3117a21bee725f1cdc38f812b44cbab",
            "force_destroy": false,
            "id": "nzb_backfill/dist.zip",
            "key": "nzb_backfill/dist.zip",
            "kms_key_id": null,
            "metadata": {},
            "object_lock_legal_hold_status": "",
            "object_lock_mode": "",
            "object_lock_retain_until_date": "",
            "server_side_encryption": "",
            "source": "./archives/nzb_backfill.zip",
            "source_hash": null,
            "storage_class": "STANDARD",
            "tags": {},
            "tags_all": {
              "Project": "nzb"
            },
            "version_id": "",
            "website_redirect": ""
          },
          "sensitive_attributes": [],
          "private": "bnVsbA==",
          "dependencies": [
            "aws_s3_bucket.code",
            "data.archive_file.nzb_backfill_archive"
          ]
        }
      ]
    },
    {
      "mode": "managed",
      "type": "aws_s3_bucket_object",
      "name": "nzb_checker_archive",
      "provider": "provider[\"registry.terraform.io/hashicorp/aws\"]",
      "instances": [
        {
          "schema_version": 0,
          "attributes": {
            "acl": "private",
            "bucket": "nzb-20220504142343527200000001",
            "bucket_key_enabled": false,
            "cache_control": "",
            "content": null,
            "content_base64": null,
            "content_disposition": "",
            "content_encoding": "",
            "content_language": "",
            "content_type": "binary/octet-stream",
            "etag": "27ff4abe63869c29eeb10088aa4d46ad",
            "force_destroy": false,
            "id": "nzb_checker/dist.zip",
            "key": "nzb_checker/dist.zip",
            "kms_key_id": null,
            "metadata": {},
            "object_lock_legal_hold_status": "",
            "object_lock_mode": "",
            "object_lock_retain_until_date": "",
            "server_side_encryption": "",
            "source": "./archives/nzb_checker.zip",
            "source_hash": null,
            "storage_class": "STANDARD",
            "tags": {},
            "tags_all": {
              "Project": "nzb"
            },
            "version_id": "",
            "website_redirect": ""
          },
          "sensitive_attributes": [],
          "private": "bnVsbA==",
          "dependencies": [
            "aws_s3_bucket.code",
            "data.archive_file.nzb_checker_archive"
          ]
        }
      ]
    },
    {
      "mode": "managed",
      "type": "aws_s3_bucket_object",
      "name": "nzb_daemon_archive",
      "provider": "provider[\"registry.terraform.io/hashicorp/aws\"]",
      "instances": [
        {
          "schema_version": 0,
          "attributes": {
            "acl": "private",
            "bucket": "nzb-20220504142343527200000001",
            "bucket_key_enabled": false,
            "cache_control": "",
            "content": null,
            "content_base64": null,
            "content_disposition": "",
            "content_encoding": "",
            "content_language": "",
            "content_type": "binary/octet-stream",
            "etag": "727d2c7a1f932384456d092442308ae4",
            "force_destroy": false,
            "id": "nzb_daemon/dist.zip",
            "key": "nzb_daemon/dist.zip",
            "kms_key_id": null,
            "metadata": {},
            "object_lock_legal_hold_status": "",
            "object_lock_mode": "",
            "object_lock_retain_until_date": "",
            "server_side_encryption": "",
            "source": "./archives/nzb_daemon.zip",
            "source_hash": null,
            "storage_class": "STANDARD",
            "tags": {},
            "tags_all": {
              "Project": "nzb"
            },
            "version_id": "",
            "website_redirect": ""
          },
          "sensitive_attributes": [],
          "private": "bnVsbA==",
          "dependencies": [
            "aws_s3_bucket.code",
            "data.archive_file.nzb_daemon_archive"
          ]
        }
      ]
    },
    {
      "mode": "managed",
      "type": "aws_s3_bucket_object",
      "name": "nzb_frontend_files",
      "provider": "provider[\"registry.terraform.io/hashicorp/aws\"]",
      "instances": [
        {
          "index_key": "index.html",
          "schema_version": 0,
          "attributes": {
            "acl": "private",
            "bucket": "nzb-20220504142343527200000001",
            "bucket_key_enabled": false,
            "cache_control": "",
            "content": null,
            "content_base64": null,
            "content_disposition": "",
            "content_encoding": "",
            "content_language": "",
            "content_type": "text/html; charset=utf-8",
            "etag": "3521987df0f4e612434545d56a95643f",
            "force_destroy": false,
            "id": "nzb_frontend/index.html",
            "key": "nzb_frontend/index.html",
            "kms_key_id": null,
            "metadata": {},
            "object_lock_legal_hold_status": "",
            "object_lock_mode": "",
            "object_lock_retain_until_date": "",
            "server_side_encryption": "",
            "source": "../nzb_frontend/dist/index.html",
            "source_hash": null,
            "storage_class": "STANDARD",
            "tags": {},
            "tags_all": {
              "Project": "nzb"
            },
            "version_id": "",
            "website_redirect": ""
          },
          "sensitive_attributes": [],
          "private": "bnVsbA==",
          "dependencies": [
            "aws_s3_bucket.code"
          ]
        },
        {
          "index_key": "main.1b559ba5949aa6d46f6d.js",
          "schema_version": 0,
          "attributes": {
            "acl": "private",
            "bucket": "nzb-20220504142343527200000001",
            "bucket_key_enabled": false,
            "cache_control": "",
            "content": null,
            "content_base64": null,
            "content_disposition": "",
            "content_encoding": "",
            "content_language": "",
            "content_type": "application/javascript",
            "etag": "ac4a0d32dbb67208b81d1743eed97d6c",
            "force_destroy": false,
            "id": "nzb_frontend/main.1b559ba5949aa6d46f6d.js",
            "key": "nzb_frontend/main.1b559ba5949aa6d46f6d.js",
            "kms_key_id": null,
            "metadata": {},
            "object_lock_legal_hold_status": "",
            "object_lock_mode": "",
            "object_lock_retain_until_date": "",
            "server_side_encryption": "",
            "source": "../nzb_frontend/dist/main.1b559ba5949aa6d46f6d.js",
            "source_hash": null,
            "storage_class": "STANDARD",
            "tags": {},
            "tags_all": {
              "Project": "nzb"
            },
            "version_id": "",
            "website_redirect": ""
          },
          "sensitive_attributes": [],
          "private": "bnVsbA==",
          "dependencies": [
            "aws_s3_bucket.code"
          ]
        },
        {
          "index_key": "main.1b559ba5949aa6d46f6d.js.map",
          "schema_version": 0,
          "attributes": {
            "acl": "private",
            "bucket": "nzb-20220504142343527200000001",
            "bucket_key_enabled": false,
            "cache_control": "",
            "content": null,
            "content_base64": null,
            "content_disposition": "",
            "content_encoding": "",
            "content_language": "",
            "content_type": "application/octet-stream",
            "etag": "838d4df5fc14f5588174113296fa3377",
            "force_destroy": false,
            "id": "nzb_frontend/main.1b559ba5949aa6d46f6d.js.map",
            "key": "nzb_frontend/main.1b559ba5949aa6d46f6d.js.map",
            "kms_key_id": null,
            "metadata": {},
            "object_lock_legal_hold_status": "",
            "object_lock_mode": "",
            "object_lock_retain_until_date": "",
            "server_side_encryption": "",
            "source": "../nzb_frontend/dist/main.1b559ba5949aa6d46f6d.js.map",
            "source_hash": null,
            "storage_class": "STANDARD",
            "tags": {},
            "tags_all": {
              "Project": "nzb"
            },
            "version_id": "",
            "website_redirect": ""
          },
          "sensitive_attributes": [],
          "private": "bnVsbA==",
          "dependencies": [
            "aws_s3_bucket.code"
          ]
        },
        {
          "index_key": "vendor.5072479ab8f5e9e6e182.js",
          "schema_version": 0,
          "attributes": {
            "acl": "private",
            "bucket": "nzb-20220504142343527200000001",
            "bucket_key_enabled": false,
            "cache_control": "",
            "content": null,
            "content_base64": null,
            "content_disposition": "",
            "content_encoding": "",
            "content_language": "",
            "content_type": "application/javascript",
            "etag": "aef5b0ad827d767aa6aa3b0a49bcc86d",
            "force_destroy": false,
            "id": "nzb_frontend/vendor.5072479ab8f5e9e6e182.js",
            "key": "nzb_frontend/vendor.5072479ab8f5e9e6e182.js",
            "kms_key_id": null,
            "metadata": {},
            "object_lock_legal_hold_status": "",
            "object_lock_mode": "",
            "object_lock_retain_until_date": "",
            "server_side_encryption": "",
            "source": "../nzb_frontend/dist/vendor.5072479ab8f5e9e6e182.js",
            "source_hash": null,
            "storage_class": "STANDARD",
            "tags": {},
            "tags_all": {
              "Project": "nzb"
            },
            "version_id": "",
            "website_redirect": ""
          },
          "sensitive_attributes": [],
          "private": "bnVsbA==",
          "dependencies": [
            "aws_s3_bucket.code"
          ]
        },
        {
          "index_key": "vendor.5072479ab8f5e9e6e182.js.map",
          "schema_version": 0,
          "attributes": {
            "acl": "private",
            "bucket": "nzb-20220504142343527200000001",
            "bucket_key_enabled": false,
            "cache_control": "",
            "content": null,
            "content_base64": null,
            "content_disposition": "",
            "content_encoding": "",
            "content_language": "",
            "content_type": "application/octet-stream",
            "etag": "db68d94f16e8dfee69c8c40bf57ce7f3",
            "force_destroy": false,
            "id": "nzb_frontend/vendor.5072479ab8f5e9e6e182.js.map",
            "key": "nzb_frontend/vendor.5072479ab8f5e9e6e182.js.map",
            "kms_key_id": null,
            "metadata": {},
            "object_lock_legal_hold_status": "",
            "object_lock_mode": "",
            "object_lock_retain_until_date": "",
            "server_side_encryption": "",
            "source": "../nzb_frontend/dist/vendor.5072479ab8f5e9e6e182.js.map",
            "source_hash": null,
            "storage_class": "STANDARD",
            "tags": {},
            "tags_all": {
              "Project": "nzb"
            },
            "version_id": "",
            "website_redirect": ""
          },
          "sensitive_attributes": [],
          "private": "bnVsbA==",
          "dependencies": [
            "aws_s3_bucket.code"
          ]
        }
      ]
    },
    {
      "mode": "managed",
      "type": "aws_s3_bucket_object",
      "name": "nzb_health_archive",
      "provider": "provider[\"registry.terraform.io/hashicorp/aws\"]",
      "instances": [
        {
          "schema_version": 0,
          "attributes": {
            "acl": "private",
            "bucket": "nzb-20220504142343527200000001",
            "bucket_key_enabled": false,
            "cache_control": "",
            "content": null,
            "content_base64": null,
            "content_disposition": "",
            "content_encoding": "",
            "content_language": "",
            "content_type": "binary/octet-stream",
            "etag": "ac5a895cad45ac0f74a8f914a185d0b1",
            "force_destroy": false,
            "id": "nzb_health/dist.zip",
            "key": "nzb_health/dist.zip",
            "kms_key_id": null,
            "metadata": {},
            "object_lock_legal_hold_status": "",
            "object_lock_mode": "",
            "object_lock_retain_until_date": "",
            "server_side_encryption": "",
            "source": "./archives/nzb_health.zip",
            "source_hash": null,
            "storage_class": "STANDARD",
            "tags": {},
            "tags_all": {
              "Project": "nzb"
            },
            "version_id": "",
            "website_redirect": ""
          },
          "sensitive_attributes": [],
          "private": "bnVsbA==",
          "dependencies": [
            "aws_s3_bucket.code",
            "data.archive_file.nzb_health_archive"
          ]
        }
      ]
    },
    {
      "mode": "managed",
      "type": "aws_s3_bucket_object",
      "name": "nzb_registry_archive",
      "provider": "provider[\"registry.terraform.io/hashicorp/aws\"]",
      "instances": [
        {
          "schema_version": 0,
          "attributes": {
            "acl": "private",
            "bucket": "nzb-20220504142343527200000001",
            "bucket_key_enabled": false,
            "cache_control": "",
            "content": null,
            "content_base64": null,
            "content_disposition": "",
            "content_encoding": "",
            "content_language": "",
            "content_type": "binary/octet-stream",
            "etag": "55e7c747ed26d4a80500152b9df564eb",
            "force_destroy": false,
            "id": "nzb_registry/dist.zip",
            "key": "nzb_registry/dist.zip",
            "kms_key_id": null,
            "metadata": {},
            "object_lock_legal_hold_status": "",
            "object_lock_mode": "",
            "object_lock_retain_until_date": "",
            "server_side_encryption": "",
            "source": "./archives/nzb_registry.zip",
            "source_hash": null,
            "storage_class": "STANDARD",
            "tags": {},
            "tags_all": {
              "Project": "nzb"
            },
            "version_id": "",
            "website_redirect": ""
          },
          "sensitive_attributes": [],
          "private": "bnVsbA==",
          "dependencies": [
            "aws_s3_bucket.code",
            "data.archive_file.nzb_registry_archive"
          ]
        }
      ]
    },
    {
      "mode": "managed",
      "type": "aws_s3_bucket_policy",
      "name": "code",
      "provider": "provider[\"registry.terraform.io/hashicorp/aws\"]",
      "instances": [
        {
          "schema_version": 0,
          "attributes": {
            "bucket": "nzb-20220504142343527200000001",
            "id": "nzb-20220504142343527200000001",
            "policy": "{\"Statement\":[{\"Action\":\"s3:GetObject\",\"Effect\":\"Allow\",\"Principal\":{\"AWS\":\"arn:aws:iam::cloudfront:user/CloudFront Origin Access Identity ETC8P40Z7NRPS\"},\"Resource\":\"arn:aws:s3:::nzb-20220504142343527200000001/nzb_frontend/*\",\"Sid\":\"\"}],\"Version\":\"2012-10-17\"}"
          },
          "sensitive_attributes": [],
          "private": "bnVsbA==",
          "dependencies": [
            "aws_cloudfront_origin_access_identity.nzb_frontend",
            "aws_s3_bucket.code",
            "data.aws_iam_policy_document.cloudfront_access_to_code"
          ]
        }
      ]
    },
    {
      "mode": "managed",
      "type": "aws_sqs_queue",
      "name": "nzb_to_check_queue",
      "provider": "provider[\"registry.terraform.io/hashicorp/aws\"]",
      "instances": [
        {
          "schema_version": 0,
          "attributes": {
            "arn": "arn:aws:sqs:eu-west-3:534493106272:NzbToCheck",
            "content_based_deduplication": false,
            "deduplication_scope": "",
            "delay_seconds": 0,
            "fifo_queue": false,
            "fifo_throughput_limit": "",
            "id": "https://sqs.eu-west-3.amazonaws.com/534493106272/NzbToCheck",
            "kms_data_key_reuse_period_seconds": 300,
            "kms_master_key_id": "",
            "max_message_size": 262144,
            "message_retention_seconds": 345600,
            "name": "NzbToCheck",
            "name_prefix": "",
            "policy": "",
            "receive_wait_time_seconds": 0,
            "redrive_allow_policy": "",
            "redrive_policy": "",
            "sqs_managed_sse_enabled": false,
            "tags": {},
            "tags_all": {
              "Project": "nzb"
            },
            "url": "https://sqs.eu-west-3.amazonaws.com/534493106272/NzbToCheck",
            "visibility_timeout_seconds": 30
          },
          "sensitive_attributes": [],
          "private": "bnVsbA=="
        }
      ]
    }
  ]
}
