{
  "version": 4,
  "terraform_version": "1.1.7",
  "serial": 540,
  "lineage": "e0ed1fa3-c94a-4e98-b767-f297ab9ab1fe",
  "outputs": {},
  "resources": [
    {
      "mode": "data",
      "type": "archive_file",
      "name": "nzb_backfill_archive",
      "provider": "provider[\"registry.terraform.io/hashicorp/archive\"]",
      "instances": [
        {
          "schema_version": 0,
          "attributes": {
            "excludes": null,
            "id": "d335c059649f5cff6ae208af94b13147b9fcc292",
            "output_base64sha256": "C6Tga9PYRS876QET/2FBJDZuB8xGrrtV3Pn8IRK2K6w=",
            "output_file_mode": null,
            "output_md5": "ae7b8e9f244fe0142a36183e8c1c6684",
            "output_path": "./archives/nzb_backfill.zip",
            "output_sha": "d335c059649f5cff6ae208af94b13147b9fcc292",
            "output_size": 4101367,
            "source": [],
            "source_content": null,
            "source_content_filename": null,
            "source_dir": "../nzb_backfill/dist",
            "source_file": null,
            "type": "zip"
          },
          "sensitive_attributes": []
        }
      ]
    },
    {
      "mode": "data",
      "type": "archive_file",
      "name": "nzb_checker_archive",
      "provider": "provider[\"registry.terraform.io/hashicorp/archive\"]",
      "instances": [
        {
          "schema_version": 0,
          "attributes": {
            "excludes": null,
            "id": "c61077ae924ac15f6cb6de4acf5b78edd654d44c",
            "output_base64sha256": "0/RePFJUT10+Fa2u1FuBbHL7tN1nwsPgNSKIlw6WrnU=",
            "output_file_mode": null,
            "output_md5": "180fca10c95d2a166c146b36f68493ed",
            "output_path": "./archives/nzb_checker.zip",
            "output_sha": "c61077ae924ac15f6cb6de4acf5b78edd654d44c",
            "output_size": 4099968,
            "source": [],
            "source_content": null,
            "source_content_filename": null,
            "source_dir": "../nzb_checker/dist",
            "source_file": null,
            "type": "zip"
          },
          "sensitive_attributes": []
        }
      ]
    },
    {
      "mode": "data",
      "type": "archive_file",
      "name": "nzb_health_archive",
      "provider": "provider[\"registry.terraform.io/hashicorp/archive\"]",
      "instances": [
        {
          "schema_version": 0,
          "attributes": {
            "excludes": null,
            "id": "769294368b7601ccf994d674c97da454ff89f2b4",
            "output_base64sha256": "Y2xgBc1iAWwC7GHnc9xLFWSk/lZ+VUWi2wtta+XYHbM=",
            "output_file_mode": null,
            "output_md5": "68e2f0b89d511948008947ec2a1227b1",
            "output_path": "./archives/nzb_health.zip",
            "output_sha": "769294368b7601ccf994d674c97da454ff89f2b4",
            "output_size": 2868650,
            "source": [],
            "source_content": null,
            "source_content_filename": null,
            "source_dir": "../nzb_health/dist",
            "source_file": null,
            "type": "zip"
          },
          "sensitive_attributes": []
        }
      ]
    },
    {
      "mode": "data",
      "type": "archive_file",
      "name": "nzb_registry_archive",
      "provider": "provider[\"registry.terraform.io/hashicorp/archive\"]",
      "instances": [
        {
          "schema_version": 0,
          "attributes": {
            "excludes": null,
            "id": "ff36ad9f1c07d5b4564b2df9fb9180250187e3f1",
            "output_base64sha256": "KHVkDEuew6eXJjvSkA8u8Et3OnK5VL3s/vfgd6em2/Q=",
            "output_file_mode": null,
            "output_md5": "2285791230dc9ca90fbd6fbff686a147",
            "output_path": "./archives/nzb_registry.zip",
            "output_sha": "ff36ad9f1c07d5b4564b2df9fb9180250187e3f1",
            "output_size": 4085494,
            "source": [],
            "source_content": null,
            "source_content_filename": null,
            "source_dir": "../nzb_registry/dist",
            "source_file": null,
            "type": "zip"
          },
          "sensitive_attributes": []
        }
      ]
    },
    {
      "mode": "data",
      "type": "aws_iam_policy_document",
      "name": "lambda_nzb_backfill_extra_role",
      "provider": "provider[\"registry.terraform.io/hashicorp/aws\"]",
      "instances": [
        {
          "schema_version": 0,
          "attributes": {
            "id": "3058866621",
            "json": "{\n  \"Version\": \"2012-10-17\",\n  \"Statement\": [\n    {\n      \"Sid\": \"\",\n      \"Effect\": \"Allow\",\n      \"Action\": \"dynamodb:*\",\n      \"Resource\": [\n        \"arn:aws:dynamodb:eu-west-3:*:table/NzbRegistry/index/*\",\n        \"arn:aws:dynamodb:eu-west-3:*:table/NzbRegistry\",\n        \"arn:aws:dynamodb:eu-west-3:*:table/NzbParameters\",\n        \"arn:aws:dynamodb:eu-west-3:*:table/ImdbInfo\"\n      ]\n    },\n    {\n      \"Sid\": \"\",\n      \"Effect\": \"Allow\",\n      \"Action\": \"sqs:*\",\n      \"Resource\": \"arn:aws:sqs:eu-west-3:*:NzbToCheck\"\n    }\n  ]\n}",
            "override_json": null,
            "override_policy_documents": null,
            "policy_id": null,
            "source_json": null,
            "source_policy_documents": null,
            "statement": [
              {
                "actions": [
                  "dynamodb:*"
                ],
                "condition": [],
                "effect": "Allow",
                "not_actions": [],
                "not_principals": [],
                "not_resources": [],
                "principals": [],
                "resources": [
                  "arn:aws:dynamodb:eu-west-3:*:table/ImdbInfo",
                  "arn:aws:dynamodb:eu-west-3:*:table/NzbParameters",
                  "arn:aws:dynamodb:eu-west-3:*:table/NzbRegistry",
                  "arn:aws:dynamodb:eu-west-3:*:table/NzbRegistry/index/*"
                ],
                "sid": ""
              },
              {
                "actions": [
                  "sqs:*"
                ],
                "condition": [],
                "effect": "Allow",
                "not_actions": [],
                "not_principals": [],
                "not_resources": [],
                "principals": [],
                "resources": [
                  "arn:aws:sqs:eu-west-3:*:NzbToCheck"
                ],
                "sid": ""
              }
            ],
            "version": "2012-10-17"
          },
          "sensitive_attributes": []
        }
      ]
    },
    {
      "mode": "data",
      "type": "aws_iam_policy_document",
      "name": "lambda_nzb_checker_extra_role",
      "provider": "provider[\"registry.terraform.io/hashicorp/aws\"]",
      "instances": [
        {
          "schema_version": 0,
          "attributes": {
            "id": "1193560187",
            "json": "{\n  \"Version\": \"2012-10-17\",\n  \"Statement\": [\n    {\n      \"Sid\": \"\",\n      \"Effect\": \"Allow\",\n      \"Action\": \"dynamodb:*\",\n      \"Resource\": [\n        \"arn:aws:dynamodb:eu-west-3:*:table/NzbRegistry/index/*\",\n        \"arn:aws:dynamodb:eu-west-3:*:table/NzbRegistry\",\n        \"arn:aws:dynamodb:eu-west-3:*:table/ImdbInfo\"\n      ]\n    },\n    {\n      \"Sid\": \"\",\n      \"Effect\": \"Allow\",\n      \"Action\": \"sqs:*\",\n      \"Resource\": \"arn:aws:sqs:eu-west-3:*:NzbToCheck\"\n    }\n  ]\n}",
            "override_json": null,
            "override_policy_documents": null,
            "policy_id": null,
            "source_json": null,
            "source_policy_documents": null,
            "statement": [
              {
                "actions": [
                  "dynamodb:*"
                ],
                "condition": [],
                "effect": "Allow",
                "not_actions": [],
                "not_principals": [],
                "not_resources": [],
                "principals": [],
                "resources": [
                  "arn:aws:dynamodb:eu-west-3:*:table/ImdbInfo",
                  "arn:aws:dynamodb:eu-west-3:*:table/NzbRegistry",
                  "arn:aws:dynamodb:eu-west-3:*:table/NzbRegistry/index/*"
                ],
                "sid": ""
              },
              {
                "actions": [
                  "sqs:*"
                ],
                "condition": [],
                "effect": "Allow",
                "not_actions": [],
                "not_principals": [],
                "not_resources": [],
                "principals": [],
                "resources": [
                  "arn:aws:sqs:eu-west-3:*:NzbToCheck"
                ],
                "sid": ""
              }
            ],
            "version": "2012-10-17"
          },
          "sensitive_attributes": []
        }
      ]
    },
    {
      "mode": "data",
      "type": "aws_iam_policy_document",
      "name": "lambda_nzb_health_extra_role",
      "provider": "provider[\"registry.terraform.io/hashicorp/aws\"]",
      "instances": [
        {
          "schema_version": 0,
          "attributes": {
            "id": "1193560187",
            "json": "{\n  \"Version\": \"2012-10-17\",\n  \"Statement\": [\n    {\n      \"Sid\": \"\",\n      \"Effect\": \"Allow\",\n      \"Action\": \"dynamodb:*\",\n      \"Resource\": [\n        \"arn:aws:dynamodb:eu-west-3:*:table/NzbRegistry/index/*\",\n        \"arn:aws:dynamodb:eu-west-3:*:table/NzbRegistry\",\n        \"arn:aws:dynamodb:eu-west-3:*:table/ImdbInfo\"\n      ]\n    },\n    {\n      \"Sid\": \"\",\n      \"Effect\": \"Allow\",\n      \"Action\": \"sqs:*\",\n      \"Resource\": \"arn:aws:sqs:eu-west-3:*:NzbToCheck\"\n    }\n  ]\n}",
            "override_json": null,
            "override_policy_documents": null,
            "policy_id": null,
            "source_json": null,
            "source_policy_documents": null,
            "statement": [
              {
                "actions": [
                  "dynamodb:*"
                ],
                "condition": [],
                "effect": "Allow",
                "not_actions": [],
                "not_principals": [],
                "not_resources": [],
                "principals": [],
                "resources": [
                  "arn:aws:dynamodb:eu-west-3:*:table/ImdbInfo",
                  "arn:aws:dynamodb:eu-west-3:*:table/NzbRegistry",
                  "arn:aws:dynamodb:eu-west-3:*:table/NzbRegistry/index/*"
                ],
                "sid": ""
              },
              {
                "actions": [
                  "sqs:*"
                ],
                "condition": [],
                "effect": "Allow",
                "not_actions": [],
                "not_principals": [],
                "not_resources": [],
                "principals": [],
                "resources": [
                  "arn:aws:sqs:eu-west-3:*:NzbToCheck"
                ],
                "sid": ""
              }
            ],
            "version": "2012-10-17"
          },
          "sensitive_attributes": []
        }
      ]
    },
    {
      "mode": "data",
      "type": "aws_iam_policy_document",
      "name": "lambda_nzb_registry_extra_role",
      "provider": "provider[\"registry.terraform.io/hashicorp/aws\"]",
      "instances": [
        {
          "schema_version": 0,
          "attributes": {
            "id": "1320146371",
            "json": "{\n  \"Version\": \"2012-10-17\",\n  \"Statement\": [\n    {\n      \"Sid\": \"\",\n      \"Effect\": \"Allow\",\n      \"Action\": \"dynamodb:*\",\n      \"Resource\": [\n        \"arn:aws:dynamodb:eu-west-3:*:table/NzbRegistry/index/*\",\n        \"arn:aws:dynamodb:eu-west-3:*:table/NzbRegistry\"\n      ]\n    },\n    {\n      \"Sid\": \"\",\n      \"Effect\": \"Allow\",\n      \"Action\": \"sqs:*\",\n      \"Resource\": \"arn:aws:sqs:eu-west-3:*:NzbToCheck\"\n    }\n  ]\n}",
            "override_json": null,
            "override_policy_documents": null,
            "policy_id": null,
            "source_json": null,
            "source_policy_documents": null,
            "statement": [
              {
                "actions": [
                  "dynamodb:*"
                ],
                "condition": [],
                "effect": "Allow",
                "not_actions": [],
                "not_principals": [],
                "not_resources": [],
                "principals": [],
                "resources": [
                  "arn:aws:dynamodb:eu-west-3:*:table/NzbRegistry",
                  "arn:aws:dynamodb:eu-west-3:*:table/NzbRegistry/index/*"
                ],
                "sid": ""
              },
              {
                "actions": [
                  "sqs:*"
                ],
                "condition": [],
                "effect": "Allow",
                "not_actions": [],
                "not_principals": [],
                "not_resources": [],
                "principals": [],
                "resources": [
                  "arn:aws:sqs:eu-west-3:*:NzbToCheck"
                ],
                "sid": ""
              }
            ],
            "version": "2012-10-17"
          },
          "sensitive_attributes": []
        }
      ]
    },
    {
      "mode": "managed",
      "type": "aws_cloudwatch_event_rule",
      "name": "nzb_backfill_trigger_rate",
      "provider": "provider[\"registry.terraform.io/hashicorp/aws\"]",
      "instances": [
        {
          "schema_version": 0,
          "attributes": {
            "arn": "arn:aws:events:eu-west-3:534493106272:rule/nzb_backfill.cron-daily-23h30.20220519151333778900000001",
            "description": "",
            "event_bus_name": "default",
            "event_pattern": null,
            "id": "nzb_backfill.cron-daily-23h30.20220519151333778900000001",
            "is_enabled": true,
            "name": "nzb_backfill.cron-daily-23h30.20220519151333778900000001",
            "name_prefix": "nzb_backfill.cron-daily-23h30.",
            "role_arn": "",
            "schedule_expression": "cron(30 23 ? * * *)",
            "tags": {},
            "tags_all": {
              "Project": "nzb"
            }
          },
          "sensitive_attributes": [],
          "private": "bnVsbA=="
        }
      ]
    },
    {
      "mode": "managed",
      "type": "aws_cloudwatch_event_rule",
      "name": "nzb_registry_trigger_rate",
      "provider": "provider[\"registry.terraform.io/hashicorp/aws\"]",
      "instances": [
        {
          "schema_version": 0,
          "attributes": {
            "arn": "arn:aws:events:eu-west-3:534493106272:rule/nzb_registry.rate-5-minutes.20220519150835874500000001",
            "description": "",
            "event_bus_name": "default",
            "event_pattern": null,
            "id": "nzb_registry.rate-5-minutes.20220519150835874500000001",
            "is_enabled": true,
            "name": "nzb_registry.rate-5-minutes.20220519150835874500000001",
            "name_prefix": "nzb_registry.rate-5-minutes.",
            "role_arn": "",
            "schedule_expression": "rate(5 minutes)",
            "tags": {},
            "tags_all": {
              "Project": "nzb"
            }
          },
          "sensitive_attributes": [],
          "private": "bnVsbA=="
        }
      ]
    },
    {
      "mode": "managed",
      "type": "aws_cloudwatch_event_target",
      "name": "nzb_backfill_trigger_target",
      "provider": "provider[\"registry.terraform.io/hashicorp/aws\"]",
      "instances": [
        {
          "schema_version": 1,
          "attributes": {
            "arn": "arn:aws:lambda:eu-west-3:534493106272:function:nzb_backfill",
            "batch_target": [],
            "dead_letter_config": [],
            "ecs_target": [],
            "event_bus_name": "default",
            "http_target": [],
            "id": "nzb_backfill.cron-daily-23h30.20220519151333778900000001-terraform-20220519151404426600000002",
            "input": "",
            "input_path": "",
            "input_transformer": [],
            "kinesis_target": [],
            "redshift_target": [],
            "retry_policy": [],
            "role_arn": "",
            "rule": "nzb_backfill.cron-daily-23h30.20220519151333778900000001",
            "run_command_targets": [],
            "sqs_target": [],
            "target_id": "terraform-20220519151404426600000002"
          },
          "sensitive_attributes": [],
          "private": "eyJzY2hlbWFfdmVyc2lvbiI6IjEifQ==",
          "dependencies": [
            "aws_cloudwatch_event_rule.nzb_backfill_trigger_rate",
            "aws_iam_role.lambda_nzb_backfill_exec",
            "aws_lambda_function.nzb_backfill",
            "aws_s3_bucket.code",
            "aws_s3_bucket_object.nzb_backfill_archive",
            "data.archive_file.nzb_backfill_archive",
            "data.aws_iam_policy_document.lambda_nzb_backfill_extra_role"
          ]
        }
      ]
    },
    {
      "mode": "managed",
      "type": "aws_cloudwatch_event_target",
      "name": "nzb_registry_trigger_target",
      "provider": "provider[\"registry.terraform.io/hashicorp/aws\"]",
      "instances": [
        {
          "schema_version": 1,
          "attributes": {
            "arn": "arn:aws:lambda:eu-west-3:534493106272:function:nzb_registry",
            "batch_target": [],
            "dead_letter_config": [],
            "ecs_target": [],
            "event_bus_name": "default",
            "http_target": [],
            "id": "nzb_registry.rate-5-minutes.20220519150835874500000001-terraform-20220519151222915700000004",
            "input": "",
            "input_path": "",
            "input_transformer": [],
            "kinesis_target": [],
            "redshift_target": [],
            "retry_policy": [],
            "role_arn": "",
            "rule": "nzb_registry.rate-5-minutes.20220519150835874500000001",
            "run_command_targets": [],
            "sqs_target": [],
            "target_id": "terraform-20220519151222915700000004"
          },
          "sensitive_attributes": [],
          "private": "eyJzY2hlbWFfdmVyc2lvbiI6IjEifQ==",
          "dependencies": [
            "aws_cloudwatch_event_rule.nzb_registry_trigger_rate",
            "aws_iam_role.lambda_nzb_registry_exec",
            "aws_lambda_function.nzb_registry",
            "aws_s3_bucket.code",
            "aws_s3_bucket_object.nzb_registry_archive",
            "data.archive_file.nzb_registry_archive",
            "data.aws_iam_policy_document.lambda_nzb_registry_extra_role"
          ]
        }
      ]
    },
    {
      "mode": "managed",
      "type": "aws_dynamodb_table",
      "name": "imdb_info_table",
      "provider": "provider[\"registry.terraform.io/hashicorp/aws\"]",
      "instances": [
        {
          "schema_version": 1,
          "attributes": {
            "arn": "arn:aws:dynamodb:eu-west-3:534493106272:table/ImdbInfo",
            "attribute": [
              {
                "name": "bestNzbDate",
                "type": "N"
              },
              {
                "name": "imdbId",
                "type": "S"
              },
              {
                "name": "v",
                "type": "S"
              }
            ],
            "billing_mode": "PAY_PER_REQUEST",
            "global_secondary_index": [
              {
                "hash_key": "v",
                "name": "NzbRegistry_All_SortedByBestNzbDate",
                "non_key_attributes": [],
                "projection_type": "ALL",
                "range_key": "bestNzbDate",
                "read_capacity": 0,
                "write_capacity": 0
              }
            ],
            "hash_key": "imdbId",
            "id": "ImdbInfo",
            "local_secondary_index": [],
            "name": "ImdbInfo",
            "point_in_time_recovery": [
              {
                "enabled": false
              }
            ],
            "range_key": null,
            "read_capacity": 0,
            "replica": [],
            "restore_date_time": null,
            "restore_source_name": null,
            "restore_to_latest_time": null,
            "server_side_encryption": [],
            "stream_arn": "",
            "stream_enabled": false,
            "stream_label": "",
            "stream_view_type": "",
            "table_class": "",
            "tags": {},
            "tags_all": {
              "Project": "nzb"
            },
            "timeouts": null,
            "ttl": [
              {
                "attribute_name": "",
                "enabled": false
              }
            ],
            "write_capacity": 0
          },
          "sensitive_attributes": [],
          "private": "eyJlMmJmYjczMC1lY2FhLTExZTYtOGY4OC0zNDM2M2JjN2M0YzAiOnsiY3JlYXRlIjoxODAwMDAwMDAwMDAwLCJkZWxldGUiOjYwMDAwMDAwMDAwMCwidXBkYXRlIjozNjAwMDAwMDAwMDAwfSwic2NoZW1hX3ZlcnNpb24iOiIxIn0="
        }
      ]
    },
    {
      "mode": "managed",
      "type": "aws_dynamodb_table",
      "name": "nzb_registry_table",
      "provider": "provider[\"registry.terraform.io/hashicorp/aws\"]",
      "instances": [
        {
          "schema_version": 1,
          "attributes": {
            "arn": "arn:aws:dynamodb:eu-west-3:534493106272:table/NzbRegistry",
            "attribute": [
              {
                "name": "guid",
                "type": "S"
              },
              {
                "name": "imdbId",
                "type": "S"
              },
              {
                "name": "pubTs",
                "type": "N"
              },
              {
                "name": "v",
                "type": "S"
              }
            ],
            "billing_mode": "PAY_PER_REQUEST",
            "global_secondary_index": [
              {
                "hash_key": "imdbId",
                "name": "NzbRegistry_ByImdbId_SortedByPubTs",
                "non_key_attributes": [],
                "projection_type": "ALL",
                "range_key": "pubTs",
                "read_capacity": 0,
                "write_capacity": 0
              },
              {
                "hash_key": "v",
                "name": "NzbRegistry_All_SortedByPubTs",
                "non_key_attributes": [],
                "projection_type": "ALL",
                "range_key": "pubTs",
                "read_capacity": 0,
                "write_capacity": 0
              }
            ],
            "hash_key": "guid",
            "id": "NzbRegistry",
            "local_secondary_index": [],
            "name": "NzbRegistry",
            "point_in_time_recovery": [
              {
                "enabled": false
              }
            ],
            "range_key": null,
            "read_capacity": 0,
            "replica": [],
            "restore_date_time": null,
            "restore_source_name": null,
            "restore_to_latest_time": null,
            "server_side_encryption": [],
            "stream_arn": "",
            "stream_enabled": false,
            "stream_label": "",
            "stream_view_type": "",
            "table_class": "",
            "tags": {},
            "tags_all": {
              "Project": "nzb"
            },
            "timeouts": null,
            "ttl": [
              {
                "attribute_name": "",
                "enabled": false
              }
            ],
            "write_capacity": 0
          },
          "sensitive_attributes": [],
          "private": "eyJlMmJmYjczMC1lY2FhLTExZTYtOGY4OC0zNDM2M2JjN2M0YzAiOnsiY3JlYXRlIjoxODAwMDAwMDAwMDAwLCJkZWxldGUiOjYwMDAwMDAwMDAwMCwidXBkYXRlIjozNjAwMDAwMDAwMDAwfSwic2NoZW1hX3ZlcnNpb24iOiIxIn0="
        }
      ]
    },
    {
      "mode": "managed",
      "type": "aws_dynamodb_table",
      "name": "parameters_table",
      "provider": "provider[\"registry.terraform.io/hashicorp/aws\"]",
      "instances": [
        {
          "schema_version": 1,
          "attributes": {
            "arn": "arn:aws:dynamodb:eu-west-3:534493106272:table/NzbParameters",
            "attribute": [
              {
                "name": "key",
                "type": "S"
              }
            ],
            "billing_mode": "PAY_PER_REQUEST",
            "global_secondary_index": [],
            "hash_key": "key",
            "id": "NzbParameters",
            "local_secondary_index": [],
            "name": "NzbParameters",
            "point_in_time_recovery": [
              {
                "enabled": false
              }
            ],
            "range_key": null,
            "read_capacity": 0,
            "replica": [],
            "restore_date_time": null,
            "restore_source_name": null,
            "restore_to_latest_time": null,
            "server_side_encryption": [],
            "stream_arn": "",
            "stream_enabled": false,
            "stream_label": "",
            "stream_view_type": "",
            "table_class": "",
            "tags": {},
            "tags_all": {
              "Project": "nzb"
            },
            "timeouts": null,
            "ttl": [
              {
                "attribute_name": "",
                "enabled": false
              }
            ],
            "write_capacity": 0
          },
          "sensitive_attributes": [],
          "private": "eyJlMmJmYjczMC1lY2FhLTExZTYtOGY4OC0zNDM2M2JjN2M0YzAiOnsiY3JlYXRlIjoxODAwMDAwMDAwMDAwLCJkZWxldGUiOjYwMDAwMDAwMDAwMCwidXBkYXRlIjozNjAwMDAwMDAwMDAwfSwic2NoZW1hX3ZlcnNpb24iOiIxIn0="
        }
      ]
    },
    {
      "mode": "managed",
      "type": "aws_iam_role",
      "name": "lambda_nzb_backfill_exec",
      "provider": "provider[\"registry.terraform.io/hashicorp/aws\"]",
      "instances": [
        {
          "schema_version": 0,
          "attributes": {
            "arn": "arn:aws:iam::534493106272:role/nzb_backfill-assume-role",
            "assume_role_policy": "{\"Version\":\"2012-10-17\",\"Statement\":[{\"Sid\":\"\",\"Effect\":\"Allow\",\"Principal\":{\"Service\":\"lambda.amazonaws.com\"},\"Action\":\"sts:AssumeRole\"}]}",
            "create_date": "2022-05-19T15:16:56Z",
            "description": "",
            "force_detach_policies": false,
            "id": "nzb_backfill-assume-role",
            "inline_policy": [
              {
                "name": "nzb_backfill-cloudwatch-role",
                "policy": "{\"Statement\":[{\"Action\":[\"logs:CreateLogGroup\",\"logs:CreateLogStream\",\"logs:PutLogEvents\"],\"Effect\":\"Allow\",\"Resource\":\"arn:aws:logs:*:*:*\"}],\"Version\":\"2012-10-17\"}"
              },
              {
                "name": "nzb_backfill-extra-role",
                "policy": "{\n  \"Version\": \"2012-10-17\",\n  \"Statement\": [\n    {\n      \"Sid\": \"\",\n      \"Effect\": \"Allow\",\n      \"Action\": \"dynamodb:*\",\n      \"Resource\": [\n        \"arn:aws:dynamodb:eu-west-3:*:table/NzbRegistry/index/*\",\n        \"arn:aws:dynamodb:eu-west-3:*:table/NzbRegistry\",\n        \"arn:aws:dynamodb:eu-west-3:*:table/NzbParameters\",\n        \"arn:aws:dynamodb:eu-west-3:*:table/ImdbInfo\"\n      ]\n    },\n    {\n      \"Sid\": \"\",\n      \"Effect\": \"Allow\",\n      \"Action\": \"sqs:*\",\n      \"Resource\": \"arn:aws:sqs:eu-west-3:*:NzbToCheck\"\n    }\n  ]\n}"
              }
            ],
            "managed_policy_arns": [],
            "max_session_duration": 3600,
            "name": "nzb_backfill-assume-role",
            "name_prefix": "",
            "path": "/",
            "permissions_boundary": null,
            "tags": {},
            "tags_all": {
              "Project": "nzb"
            },
            "unique_id": "AROAXY4SFSBQGX2HFOB7M"
          },
          "sensitive_attributes": [],
          "private": "bnVsbA==",
          "dependencies": [
            "data.aws_iam_policy_document.lambda_nzb_backfill_extra_role"
          ]
        }
      ]
    },
    {
      "mode": "managed",
      "type": "aws_iam_role",
      "name": "lambda_nzb_checker_exec",
      "provider": "provider[\"registry.terraform.io/hashicorp/aws\"]",
      "instances": [
        {
          "schema_version": 0,
          "attributes": {
            "arn": "arn:aws:iam::534493106272:role/nzb_checker-assume-role",
            "assume_role_policy": "{\"Version\":\"2012-10-17\",\"Statement\":[{\"Sid\":\"\",\"Effect\":\"Allow\",\"Principal\":{\"Service\":\"lambda.amazonaws.com\"},\"Action\":\"sts:AssumeRole\"}]}",
            "create_date": "2022-05-06T12:08:50Z",
            "description": "",
            "force_detach_policies": false,
            "id": "nzb_checker-assume-role",
            "inline_policy": [
              {
                "name": "nzb_checker-cloudwatch-role",
                "policy": "{\"Statement\":[{\"Action\":[\"logs:CreateLogGroup\",\"logs:CreateLogStream\",\"logs:PutLogEvents\"],\"Effect\":\"Allow\",\"Resource\":\"arn:aws:logs:*:*:*\"}],\"Version\":\"2012-10-17\"}"
              },
              {
                "name": "nzb_checker-extra-role",
                "policy": "{\n  \"Version\": \"2012-10-17\",\n  \"Statement\": [\n    {\n      \"Sid\": \"\",\n      \"Effect\": \"Allow\",\n      \"Action\": \"dynamodb:*\",\n      \"Resource\": [\n        \"arn:aws:dynamodb:eu-west-3:*:table/NzbRegistry/index/*\",\n        \"arn:aws:dynamodb:eu-west-3:*:table/NzbRegistry\",\n        \"arn:aws:dynamodb:eu-west-3:*:table/ImdbInfo\"\n      ]\n    },\n    {\n      \"Sid\": \"\",\n      \"Effect\": \"Allow\",\n      \"Action\": \"sqs:*\",\n      \"Resource\": \"arn:aws:sqs:eu-west-3:*:NzbToCheck\"\n    }\n  ]\n}"
              }
            ],
            "managed_policy_arns": [],
            "max_session_duration": 3600,
            "name": "nzb_checker-assume-role",
            "name_prefix": "",
            "path": "/",
            "permissions_boundary": null,
            "tags": {},
            "tags_all": {
              "Project": "nzb"
            },
            "unique_id": "AROAXY4SFSBQEBU6EV77A"
          },
          "sensitive_attributes": [],
          "private": "bnVsbA==",
          "dependencies": [
            "data.aws_iam_policy_document.lambda_nzb_checker_extra_role"
          ]
        }
      ]
    },
    {
      "mode": "managed",
      "type": "aws_iam_role",
      "name": "lambda_nzb_health_exec",
      "provider": "provider[\"registry.terraform.io/hashicorp/aws\"]",
      "instances": [
        {
          "schema_version": 0,
          "attributes": {
            "arn": "arn:aws:iam::534493106272:role/nzb_health-assume-role",
            "assume_role_policy": "{\"Version\":\"2012-10-17\",\"Statement\":[{\"Sid\":\"\",\"Effect\":\"Allow\",\"Principal\":{\"Service\":\"lambda.amazonaws.com\"},\"Action\":\"sts:AssumeRole\"}]}",
            "create_date": "2022-05-20T09:18:42Z",
            "description": "",
            "force_detach_policies": false,
            "id": "nzb_health-assume-role",
            "inline_policy": [
              {
                "name": "nzb_health-cloudwatch-role",
                "policy": "{\"Statement\":[{\"Action\":[\"logs:CreateLogGroup\",\"logs:CreateLogStream\",\"logs:PutLogEvents\"],\"Effect\":\"Allow\",\"Resource\":\"arn:aws:logs:*:*:*\"}],\"Version\":\"2012-10-17\"}"
              },
              {
                "name": "nzb_health-extra-role",
                "policy": "{\n  \"Version\": \"2012-10-17\",\n  \"Statement\": [\n    {\n      \"Sid\": \"\",\n      \"Effect\": \"Allow\",\n      \"Action\": \"dynamodb:*\",\n      \"Resource\": [\n        \"arn:aws:dynamodb:eu-west-3:*:table/NzbRegistry/index/*\",\n        \"arn:aws:dynamodb:eu-west-3:*:table/NzbRegistry\",\n        \"arn:aws:dynamodb:eu-west-3:*:table/ImdbInfo\"\n      ]\n    },\n    {\n      \"Sid\": \"\",\n      \"Effect\": \"Allow\",\n      \"Action\": \"sqs:*\",\n      \"Resource\": \"arn:aws:sqs:eu-west-3:*:NzbToCheck\"\n    }\n  ]\n}"
              }
            ],
            "managed_policy_arns": [],
            "max_session_duration": 3600,
            "name": "nzb_health-assume-role",
            "name_prefix": "",
            "path": "/",
            "permissions_boundary": null,
            "tags": {},
            "tags_all": {
              "Project": "nzb"
            },
            "unique_id": "AROAXY4SFSBQHTN2URWW7"
          },
          "sensitive_attributes": [],
          "private": "bnVsbA==",
          "dependencies": [
            "data.aws_iam_policy_document.lambda_nzb_health_extra_role"
          ]
        }
      ]
    },
    {
      "mode": "managed",
      "type": "aws_iam_role",
      "name": "lambda_nzb_registry_exec",
      "provider": "provider[\"registry.terraform.io/hashicorp/aws\"]",
      "instances": [
        {
          "schema_version": 0,
          "attributes": {
            "arn": "arn:aws:iam::534493106272:role/nzb_registry-assume-role",
            "assume_role_policy": "{\"Version\":\"2012-10-17\",\"Statement\":[{\"Sid\":\"\",\"Effect\":\"Allow\",\"Principal\":{\"Service\":\"lambda.amazonaws.com\"},\"Action\":\"sts:AssumeRole\"}]}",
            "create_date": "2022-05-04T14:23:43Z",
            "description": "",
            "force_detach_policies": false,
            "id": "nzb_registry-assume-role",
            "inline_policy": [
              {
                "name": "nzb_registry-cloudwatch-role",
                "policy": "{\"Statement\":[{\"Action\":[\"logs:CreateLogGroup\",\"logs:CreateLogStream\",\"logs:PutLogEvents\"],\"Effect\":\"Allow\",\"Resource\":\"arn:aws:logs:*:*:*\"}],\"Version\":\"2012-10-17\"}"
              },
              {
                "name": "nzb_registry-extra-role",
                "policy": "{\n  \"Version\": \"2012-10-17\",\n  \"Statement\": [\n    {\n      \"Sid\": \"\",\n      \"Effect\": \"Allow\",\n      \"Action\": \"dynamodb:*\",\n      \"Resource\": [\n        \"arn:aws:dynamodb:eu-west-3:*:table/NzbRegistry/index/*\",\n        \"arn:aws:dynamodb:eu-west-3:*:table/NzbRegistry\"\n      ]\n    },\n    {\n      \"Sid\": \"\",\n      \"Effect\": \"Allow\",\n      \"Action\": \"sqs:*\",\n      \"Resource\": \"arn:aws:sqs:eu-west-3:*:NzbToCheck\"\n    }\n  ]\n}"
              }
            ],
            "managed_policy_arns": [],
            "max_session_duration": 3600,
            "name": "nzb_registry-assume-role",
            "name_prefix": "",
            "path": "/",
            "permissions_boundary": null,
            "tags": {},
            "tags_all": {
              "Project": "nzb"
            },
            "unique_id": "AROAXY4SFSBQC6RBUADGB"
          },
          "sensitive_attributes": [],
          "private": "bnVsbA==",
          "dependencies": [
            "data.aws_iam_policy_document.lambda_nzb_registry_extra_role"
          ]
        }
      ]
    },
    {
      "mode": "managed",
      "type": "aws_lambda_event_source_mapping",
      "name": "nzb_checker_trigger",
      "provider": "provider[\"registry.terraform.io/hashicorp/aws\"]",
      "instances": [
        {
          "schema_version": 0,
          "attributes": {
            "batch_size": 1,
            "bisect_batch_on_function_error": false,
            "destination_config": [],
            "enabled": true,
            "event_source_arn": "arn:aws:sqs:eu-west-3:534493106272:NzbToCheck",
            "filter_criteria": [],
            "function_arn": "arn:aws:lambda:eu-west-3:534493106272:function:nzb_checker",
            "function_name": "arn:aws:lambda:eu-west-3:534493106272:function:nzb_checker",
            "function_response_types": [],
            "id": "eb304336-5e46-4584-91ef-1c18b3110074",
            "last_modified": "2022-05-06T12:09:16Z",
            "last_processing_result": "",
            "maximum_batching_window_in_seconds": 0,
            "maximum_record_age_in_seconds": 0,
            "maximum_retry_attempts": 0,
            "parallelization_factor": 0,
            "queues": [],
            "self_managed_event_source": [],
            "source_access_configuration": [],
            "starting_position": "",
            "starting_position_timestamp": "",
            "state": "Enabled",
            "state_transition_reason": "USER_INITIATED",
            "topics": [],
            "tumbling_window_in_seconds": 0,
            "uuid": "eb304336-5e46-4584-91ef-1c18b3110074"
          },
          "sensitive_attributes": [],
          "private": "bnVsbA==",
          "dependencies": [
            "aws_iam_role.lambda_nzb_checker_exec",
            "aws_lambda_function.nzb_checker",
            "aws_s3_bucket.code",
            "aws_s3_bucket_object.nzb_checker_archive",
            "aws_sqs_queue.nzb_to_check_queue",
            "data.archive_file.nzb_checker_archive",
            "data.aws_iam_policy_document.lambda_nzb_checker_extra_role"
          ]
        }
      ]
    },
    {
      "mode": "managed",
      "type": "aws_lambda_function",
      "name": "nzb_backfill",
      "provider": "provider[\"registry.terraform.io/hashicorp/aws\"]",
      "instances": [
        {
          "schema_version": 0,
          "attributes": {
            "architectures": [],
            "arn": "arn:aws:lambda:eu-west-3:534493106272:function:nzb_backfill",
            "code_signing_config_arn": "",
            "dead_letter_config": [],
            "description": "",
            "environment": [],
            "file_system_config": [],
            "filename": null,
            "function_name": "nzb_backfill",
            "handler": "main.handler",
            "id": "nzb_backfill",
            "image_config": [],
            "image_uri": "",
            "invoke_arn": "arn:aws:apigateway:eu-west-3:lambda:path/2015-03-31/functions/arn:aws:lambda:eu-west-3:534493106272:function:nzb_backfill/invocations",
            "kms_key_arn": "",
            "last_modified": "2022-05-20T09:20:42.000+0000",
            "layers": [],
            "memory_size": 128,
            "package_type": "Zip",
            "publish": false,
            "qualified_arn": "arn:aws:lambda:eu-west-3:534493106272:function:nzb_backfill:$LATEST",
            "reserved_concurrent_executions": 1,
            "role": "arn:aws:iam::534493106272:role/nzb_backfill-assume-role",
            "runtime": "nodejs14.x",
            "s3_bucket": "nzb-20220504142343527200000001",
            "s3_key": "nzb_backfill/dist.zip",
            "s3_object_version": null,
            "signing_job_arn": "",
            "signing_profile_version_arn": "",
            "source_code_hash": "C6Tga9PYRS876QET/2FBJDZuB8xGrrtV3Pn8IRK2K6w=",
            "source_code_size": 4101367,
            "tags": {},
            "tags_all": {
              "Project": "nzb"
            },
            "timeout": 900,
            "timeouts": null,
            "tracing_config": [
              {
                "mode": "PassThrough"
              }
            ],
            "version": "$LATEST",
            "vpc_config": []
          },
          "sensitive_attributes": [],
          "private": "eyJlMmJmYjczMC1lY2FhLTExZTYtOGY4OC0zNDM2M2JjN2M0YzAiOnsiY3JlYXRlIjo2MDAwMDAwMDAwMDB9fQ==",
          "dependencies": [
            "aws_iam_role.lambda_nzb_backfill_exec",
            "aws_s3_bucket.code",
            "aws_s3_bucket_object.nzb_backfill_archive",
            "data.archive_file.nzb_backfill_archive"
          ]
        }
      ]
    },
    {
      "mode": "managed",
      "type": "aws_lambda_function",
      "name": "nzb_checker",
      "provider": "provider[\"registry.terraform.io/hashicorp/aws\"]",
      "instances": [
        {
          "schema_version": 0,
          "attributes": {
            "architectures": [],
            "arn": "arn:aws:lambda:eu-west-3:534493106272:function:nzb_checker",
            "code_signing_config_arn": "",
            "dead_letter_config": [],
            "description": "",
            "environment": [],
            "file_system_config": [],
            "filename": null,
            "function_name": "nzb_checker",
            "handler": "main.handler",
            "id": "nzb_checker",
            "image_config": [],
            "image_uri": "",
            "invoke_arn": "arn:aws:apigateway:eu-west-3:lambda:path/2015-03-31/functions/arn:aws:lambda:eu-west-3:534493106272:function:nzb_checker/invocations",
            "kms_key_arn": "",
            "last_modified": "2022-05-20T09:20:42.000+0000",
            "layers": [],
            "memory_size": 128,
            "package_type": "Zip",
            "publish": false,
            "qualified_arn": "arn:aws:lambda:eu-west-3:534493106272:function:nzb_checker:$LATEST",
            "reserved_concurrent_executions": 1,
            "role": "arn:aws:iam::534493106272:role/nzb_checker-assume-role",
            "runtime": "nodejs14.x",
            "s3_bucket": "nzb-20220504142343527200000001",
            "s3_key": "nzb_checker/dist.zip",
            "s3_object_version": null,
            "signing_job_arn": "",
            "signing_profile_version_arn": "",
            "source_code_hash": "0/RePFJUT10+Fa2u1FuBbHL7tN1nwsPgNSKIlw6WrnU=",
            "source_code_size": 4099968,
            "tags": {},
            "tags_all": {
              "Project": "nzb"
            },
            "timeout": 30,
            "timeouts": null,
            "tracing_config": [
              {
                "mode": "PassThrough"
              }
            ],
            "version": "$LATEST",
            "vpc_config": []
          },
          "sensitive_attributes": [],
          "private": "eyJlMmJmYjczMC1lY2FhLTExZTYtOGY4OC0zNDM2M2JjN2M0YzAiOnsiY3JlYXRlIjo2MDAwMDAwMDAwMDB9fQ==",
          "dependencies": [
            "aws_iam_role.lambda_nzb_checker_exec",
            "aws_s3_bucket.code",
            "aws_s3_bucket_object.nzb_checker_archive",
            "data.archive_file.nzb_checker_archive"
          ]
        }
      ]
    },
    {
      "mode": "managed",
      "type": "aws_lambda_function",
      "name": "nzb_health",
      "provider": "provider[\"registry.terraform.io/hashicorp/aws\"]",
      "instances": [
        {
          "schema_version": 0,
          "attributes": {
            "architectures": [],
            "arn": "arn:aws:lambda:eu-west-3:534493106272:function:nzb_health",
            "code_signing_config_arn": "",
            "dead_letter_config": [],
            "description": "",
            "environment": [],
            "file_system_config": [],
            "filename": null,
            "function_name": "nzb_health",
            "handler": "main.handler",
            "id": "nzb_health",
            "image_config": [],
            "image_uri": "",
            "invoke_arn": "arn:aws:apigateway:eu-west-3:lambda:path/2015-03-31/functions/arn:aws:lambda:eu-west-3:534493106272:function:nzb_health/invocations",
            "kms_key_arn": "",
            "last_modified": "2022-05-20T09:20:40.000+0000",
            "layers": [],
            "memory_size": 128,
            "package_type": "Zip",
            "publish": false,
            "qualified_arn": "arn:aws:lambda:eu-west-3:534493106272:function:nzb_health:$LATEST",
            "reserved_concurrent_executions": 1,
            "role": "arn:aws:iam::534493106272:role/nzb_health-assume-role",
            "runtime": "nodejs14.x",
            "s3_bucket": "nzb-20220504142343527200000001",
            "s3_key": "nzb_health/dist.zip",
            "s3_object_version": null,
            "signing_job_arn": "",
            "signing_profile_version_arn": "",
            "source_code_hash": "Y2xgBc1iAWwC7GHnc9xLFWSk/lZ+VUWi2wtta+XYHbM=",
            "source_code_size": 2868650,
            "tags": {},
            "tags_all": {
              "Project": "nzb"
            },
            "timeout": 900,
            "timeouts": null,
            "tracing_config": [
              {
                "mode": "PassThrough"
              }
            ],
            "version": "$LATEST",
            "vpc_config": []
          },
          "sensitive_attributes": [],
          "private": "eyJlMmJmYjczMC1lY2FhLTExZTYtOGY4OC0zNDM2M2JjN2M0YzAiOnsiY3JlYXRlIjo2MDAwMDAwMDAwMDB9fQ==",
          "dependencies": [
            "aws_iam_role.lambda_nzb_health_exec",
            "aws_s3_bucket.code",
            "aws_s3_bucket_object.nzb_health_archive",
            "data.archive_file.nzb_health_archive"
          ]
        }
      ]
    },
    {
      "mode": "managed",
      "type": "aws_lambda_function",
      "name": "nzb_registry",
      "provider": "provider[\"registry.terraform.io/hashicorp/aws\"]",
      "instances": [
        {
          "schema_version": 0,
          "attributes": {
            "architectures": [],
            "arn": "arn:aws:lambda:eu-west-3:534493106272:function:nzb_registry",
            "code_signing_config_arn": "",
            "dead_letter_config": [],
            "description": "",
            "environment": [],
            "file_system_config": [],
            "filename": null,
            "function_name": "nzb_registry",
            "handler": "main.handler",
            "id": "nzb_registry",
            "image_config": [],
            "image_uri": "",
            "invoke_arn": "arn:aws:apigateway:eu-west-3:lambda:path/2015-03-31/functions/arn:aws:lambda:eu-west-3:534493106272:function:nzb_registry/invocations",
            "kms_key_arn": "",
            "last_modified": "2022-05-20T09:20:41.000+0000",
            "layers": [],
            "memory_size": 128,
            "package_type": "Zip",
            "publish": false,
            "qualified_arn": "arn:aws:lambda:eu-west-3:534493106272:function:nzb_registry:$LATEST",
            "reserved_concurrent_executions": 1,
            "role": "arn:aws:iam::534493106272:role/nzb_registry-assume-role",
            "runtime": "nodejs14.x",
            "s3_bucket": "nzb-20220504142343527200000001",
            "s3_key": "nzb_registry/dist.zip",
            "s3_object_version": null,
            "signing_job_arn": "",
            "signing_profile_version_arn": "",
            "source_code_hash": "KHVkDEuew6eXJjvSkA8u8Et3OnK5VL3s/vfgd6em2/Q=",
            "source_code_size": 4085494,
            "tags": {},
            "tags_all": {
              "Project": "nzb"
            },
            "timeout": 30,
            "timeouts": null,
            "tracing_config": [
              {
                "mode": "PassThrough"
              }
            ],
            "version": "$LATEST",
            "vpc_config": []
          },
          "sensitive_attributes": [],
          "private": "eyJlMmJmYjczMC1lY2FhLTExZTYtOGY4OC0zNDM2M2JjN2M0YzAiOnsiY3JlYXRlIjo2MDAwMDAwMDAwMDB9fQ==",
          "dependencies": [
            "aws_iam_role.lambda_nzb_registry_exec",
            "aws_s3_bucket.code",
            "aws_s3_bucket_object.nzb_registry_archive",
            "data.archive_file.nzb_registry_archive"
          ]
        }
      ]
    },
    {
      "mode": "managed",
      "type": "aws_lambda_permission",
      "name": "cloudwatch_invoke_nzb_backfill",
      "provider": "provider[\"registry.terraform.io/hashicorp/aws\"]",
      "instances": [
        {
          "schema_version": 0,
          "attributes": {
            "action": "lambda:InvokeFunction",
            "event_source_token": null,
            "function_name": "arn:aws:lambda:eu-west-3:534493106272:function:nzb_backfill",
            "id": "AllowExecutionFromCloudWatch",
            "principal": "events.amazonaws.com",
            "qualifier": "",
            "source_account": null,
            "source_arn": "arn:aws:events:eu-west-3:534493106272:rule/nzb_backfill.cron-daily-23h30.20220519151333778900000001",
            "statement_id": "AllowExecutionFromCloudWatch",
            "statement_id_prefix": null
          },
          "sensitive_attributes": [],
          "private": "bnVsbA==",
          "dependencies": [
            "aws_cloudwatch_event_rule.nzb_backfill_trigger_rate",
            "aws_iam_role.lambda_nzb_backfill_exec",
            "aws_lambda_function.nzb_backfill",
            "aws_s3_bucket.code",
            "aws_s3_bucket_object.nzb_backfill_archive",
            "data.archive_file.nzb_backfill_archive",
            "data.aws_iam_policy_document.lambda_nzb_backfill_extra_role"
          ]
        }
      ]
    },
    {
      "mode": "managed",
      "type": "aws_lambda_permission",
      "name": "cloudwatch_invoke_nzb_registry",
      "provider": "provider[\"registry.terraform.io/hashicorp/aws\"]",
      "instances": [
        {
          "schema_version": 0,
          "attributes": {
            "action": "lambda:InvokeFunction",
            "event_source_token": null,
            "function_name": "arn:aws:lambda:eu-west-3:534493106272:function:nzb_registry",
            "id": "AllowExecutionFromCloudWatch",
            "principal": "events.amazonaws.com",
            "qualifier": "",
            "source_account": null,
            "source_arn": "arn:aws:events:eu-west-3:534493106272:rule/nzb_registry.rate-5-minutes.20220519150835874500000001",
            "statement_id": "AllowExecutionFromCloudWatch",
            "statement_id_prefix": null
          },
          "sensitive_attributes": [],
          "private": "bnVsbA==",
          "dependencies": [
            "aws_cloudwatch_event_rule.nzb_registry_trigger_rate",
            "aws_iam_role.lambda_nzb_registry_exec",
            "aws_lambda_function.nzb_registry",
            "aws_s3_bucket.code",
            "aws_s3_bucket_object.nzb_registry_archive",
            "data.archive_file.nzb_registry_archive",
            "data.aws_iam_policy_document.lambda_nzb_registry_extra_role"
          ]
        }
      ]
    },
    {
      "mode": "managed",
      "type": "aws_s3_bucket",
      "name": "code",
      "provider": "provider[\"registry.terraform.io/hashicorp/aws\"]",
      "instances": [
        {
          "schema_version": 0,
          "attributes": {
            "acceleration_status": "",
            "acl": "private",
            "arn": "arn:aws:s3:::nzb-20220504142343527200000001",
            "bucket": "nzb-20220504142343527200000001",
            "bucket_domain_name": "nzb-20220504142343527200000001.s3.amazonaws.com",
            "bucket_prefix": "nzb-",
            "bucket_regional_domain_name": "nzb-20220504142343527200000001.s3.eu-west-3.amazonaws.com",
            "cors_rule": [],
            "force_destroy": false,
            "grant": [],
            "hosted_zone_id": "Z3R1K369G5AVDG",
            "id": "nzb-20220504142343527200000001",
            "lifecycle_rule": [],
            "logging": [],
            "object_lock_configuration": [],
            "object_lock_enabled": false,
            "policy": null,
            "region": "eu-west-3",
            "replication_configuration": [],
            "request_payer": "BucketOwner",
            "server_side_encryption_configuration": [],
            "tags": {},
            "tags_all": {
              "Project": "nzb"
            },
            "versioning": [
              {
                "enabled": false,
                "mfa_delete": false
              }
            ],
            "website": [],
            "website_domain": null,
            "website_endpoint": null
          },
          "sensitive_attributes": [],
          "private": "bnVsbA=="
        }
      ]
    },
    {
      "mode": "managed",
      "type": "aws_s3_bucket_acl",
      "name": "code_bucket_acl",
      "provider": "provider[\"registry.terraform.io/hashicorp/aws\"]",
      "instances": [
        {
          "schema_version": 0,
          "attributes": {
            "access_control_policy": [
              {
                "grant": [
                  {
                    "grantee": [
                      {
                        "display_name": "",
                        "email_address": "",
                        "id": "c4a31d662af1f232bd9fde0e204df88789f54f3544f4783c316a59db833acd62",
                        "type": "CanonicalUser",
                        "uri": ""
                      }
                    ],
                    "permission": "FULL_CONTROL"
                  }
                ],
                "owner": [
                  {
                    "display_name": "",
                    "id": "c4a31d662af1f232bd9fde0e204df88789f54f3544f4783c316a59db833acd62"
                  }
                ]
              }
            ],
            "acl": "private",
            "bucket": "nzb-20220504142343527200000001",
            "expected_bucket_owner": "",
            "id": "nzb-20220504142343527200000001,private"
          },
          "sensitive_attributes": [],
          "private": "bnVsbA==",
          "dependencies": [
            "aws_s3_bucket.code"
          ]
        }
      ]
    },
    {
      "mode": "managed",
      "type": "aws_s3_bucket_object",
      "name": "nzb_backfill_archive",
      "provider": "provider[\"registry.terraform.io/hashicorp/aws\"]",
      "instances": [
        {
          "schema_version": 0,
          "attributes": {
            "acl": "private",
            "bucket": "nzb-20220504142343527200000001",
            "bucket_key_enabled": false,
            "cache_control": "",
            "content": null,
            "content_base64": null,
            "content_disposition": "",
            "content_encoding": "",
            "content_language": "",
            "content_type": "binary/octet-stream",
            "etag": "ae7b8e9f244fe0142a36183e8c1c6684",
            "force_destroy": false,
            "id": "nzb_backfill/dist.zip",
            "key": "nzb_backfill/dist.zip",
            "kms_key_id": null,
            "metadata": {},
            "object_lock_legal_hold_status": "",
            "object_lock_mode": "",
            "object_lock_retain_until_date": "",
            "server_side_encryption": "",
            "source": "./archives/nzb_backfill.zip",
            "source_hash": null,
            "storage_class": "STANDARD",
            "tags": {},
            "tags_all": {
              "Project": "nzb"
            },
            "version_id": "",
            "website_redirect": ""
          },
          "sensitive_attributes": [],
          "private": "bnVsbA==",
          "dependencies": [
            "aws_s3_bucket.code",
            "data.archive_file.nzb_backfill_archive"
          ]
        }
      ]
    },
    {
      "mode": "managed",
      "type": "aws_s3_bucket_object",
      "name": "nzb_checker_archive",
      "provider": "provider[\"registry.terraform.io/hashicorp/aws\"]",
      "instances": [
        {
          "schema_version": 0,
          "attributes": {
            "acl": "private",
            "bucket": "nzb-20220504142343527200000001",
            "bucket_key_enabled": false,
            "cache_control": "",
            "content": null,
            "content_base64": null,
            "content_disposition": "",
            "content_encoding": "",
            "content_language": "",
            "content_type": "binary/octet-stream",
            "etag": "180fca10c95d2a166c146b36f68493ed",
            "force_destroy": false,
            "id": "nzb_checker/dist.zip",
            "key": "nzb_checker/dist.zip",
            "kms_key_id": null,
            "metadata": {},
            "object_lock_legal_hold_status": "",
            "object_lock_mode": "",
            "object_lock_retain_until_date": "",
            "server_side_encryption": "",
            "source": "./archives/nzb_checker.zip",
            "source_hash": null,
            "storage_class": "STANDARD",
            "tags": {},
            "tags_all": {
              "Project": "nzb"
            },
            "version_id": "",
            "website_redirect": ""
          },
          "sensitive_attributes": [],
          "private": "bnVsbA==",
          "dependencies": [
            "aws_s3_bucket.code",
            "data.archive_file.nzb_checker_archive"
          ]
        }
      ]
    },
    {
      "mode": "managed",
      "type": "aws_s3_bucket_object",
      "name": "nzb_health_archive",
      "provider": "provider[\"registry.terraform.io/hashicorp/aws\"]",
      "instances": [
        {
          "schema_version": 0,
          "attributes": {
            "acl": "private",
            "bucket": "nzb-20220504142343527200000001",
            "bucket_key_enabled": false,
            "cache_control": "",
            "content": null,
            "content_base64": null,
            "content_disposition": "",
            "content_encoding": "",
            "content_language": "",
            "content_type": "binary/octet-stream",
            "etag": "68e2f0b89d511948008947ec2a1227b1",
            "force_destroy": false,
            "id": "nzb_health/dist.zip",
            "key": "nzb_health/dist.zip",
            "kms_key_id": null,
            "metadata": {},
            "object_lock_legal_hold_status": "",
            "object_lock_mode": "",
            "object_lock_retain_until_date": "",
            "server_side_encryption": "",
            "source": "./archives/nzb_health.zip",
            "source_hash": null,
            "storage_class": "STANDARD",
            "tags": {},
            "tags_all": {
              "Project": "nzb"
            },
            "version_id": "",
            "website_redirect": ""
          },
          "sensitive_attributes": [],
          "private": "bnVsbA==",
          "dependencies": [
            "aws_s3_bucket.code",
            "data.archive_file.nzb_health_archive"
          ]
        }
      ]
    },
    {
      "mode": "managed",
      "type": "aws_s3_bucket_object",
      "name": "nzb_registry_archive",
      "provider": "provider[\"registry.terraform.io/hashicorp/aws\"]",
      "instances": [
        {
          "schema_version": 0,
          "attributes": {
            "acl": "private",
            "bucket": "nzb-20220504142343527200000001",
            "bucket_key_enabled": false,
            "cache_control": "",
            "content": null,
            "content_base64": null,
            "content_disposition": "",
            "content_encoding": "",
            "content_language": "",
            "content_type": "binary/octet-stream",
            "etag": "2285791230dc9ca90fbd6fbff686a147",
            "force_destroy": false,
            "id": "nzb_registry/dist.zip",
            "key": "nzb_registry/dist.zip",
            "kms_key_id": null,
            "metadata": {},
            "object_lock_legal_hold_status": "",
            "object_lock_mode": "",
            "object_lock_retain_until_date": "",
            "server_side_encryption": "",
            "source": "./archives/nzb_registry.zip",
            "source_hash": null,
            "storage_class": "STANDARD",
            "tags": {},
            "tags_all": {
              "Project": "nzb"
            },
            "version_id": "",
            "website_redirect": ""
          },
          "sensitive_attributes": [],
          "private": "bnVsbA==",
          "dependencies": [
            "aws_s3_bucket.code",
            "data.archive_file.nzb_registry_archive"
          ]
        }
      ]
    },
    {
      "mode": "managed",
      "type": "aws_sqs_queue",
      "name": "nzb_to_check_queue",
      "provider": "provider[\"registry.terraform.io/hashicorp/aws\"]",
      "instances": [
        {
          "schema_version": 0,
          "attributes": {
            "arn": "arn:aws:sqs:eu-west-3:534493106272:NzbToCheck",
            "content_based_deduplication": false,
            "deduplication_scope": "",
            "delay_seconds": 0,
            "fifo_queue": false,
            "fifo_throughput_limit": "",
            "id": "https://sqs.eu-west-3.amazonaws.com/534493106272/NzbToCheck",
            "kms_data_key_reuse_period_seconds": 300,
            "kms_master_key_id": "",
            "max_message_size": 262144,
            "message_retention_seconds": 345600,
            "name": "NzbToCheck",
            "name_prefix": "",
            "policy": "",
            "receive_wait_time_seconds": 0,
            "redrive_allow_policy": "",
            "redrive_policy": "",
            "sqs_managed_sse_enabled": false,
            "tags": {},
            "tags_all": {
              "Project": "nzb"
            },
            "url": "https://sqs.eu-west-3.amazonaws.com/534493106272/NzbToCheck",
            "visibility_timeout_seconds": 30
          },
          "sensitive_attributes": [],
          "private": "bnVsbA=="
        }
      ]
    }
  ]
}
